// !$*UTF8*$!
{
	archiveVersion = 1;
	classes = {
	};
	objectVersion = 46;
	objects = {

/* Begin PBXBuildFile section */
		0EEB607A1ED918BB005B2813 /* Item.swift in Sources */ = {isa = PBXBuildFile; fileRef = 0EEB60791ED918BB005B2813 /* Item.swift */; };
		46F89D2A8F548D55488C0765 /* Pods_ToDo_App.framework in Frameworks */ = {isa = PBXBuildFile; fileRef = 17FBA854F90BAC963AFBF2FF /* Pods_ToDo_App.framework */; };
		89FB67581D5C82AB002B2484 /* AppDelegate.swift in Sources */ = {isa = PBXBuildFile; fileRef = 89FB67571D5C82AB002B2484 /* AppDelegate.swift */; };
		89FB675D1D5C82AB002B2484 /* Setup.storyboard in Resources */ = {isa = PBXBuildFile; fileRef = 89FB675B1D5C82AB002B2484 /* Setup.storyboard */; };
		89FB675F1D5C82AB002B2484 /* Assets.xcassets in Resources */ = {isa = PBXBuildFile; fileRef = 89FB675E1D5C82AB002B2484 /* Assets.xcassets */; };
		89FB67621D5C82AB002B2484 /* LaunchScreen.storyboard in Resources */ = {isa = PBXBuildFile; fileRef = 89FB67601D5C82AB002B2484 /* LaunchScreen.storyboard */; };
		89FB676A1D5C82F5002B2484 /* LoginViewController.swift in Sources */ = {isa = PBXBuildFile; fileRef = 89FB67691D5C82F5002B2484 /* LoginViewController.swift */; };
		89FB676C1D5C837D002B2484 /* SignUpViewController.swift in Sources */ = {isa = PBXBuildFile; fileRef = 89FB676B1D5C837D002B2484 /* SignUpViewController.swift */; };
		89FB676E1D5C8411002B2484 /* ItemsTableViewController.swift in Sources */ = {isa = PBXBuildFile; fileRef = 89FB676D1D5C8411002B2484 /* ItemsTableViewController.swift */; };
		CE0E19731F168B3900DEDBDE /* Home.storyboard in Resources */ = {isa = PBXBuildFile; fileRef = CE0E19711F168B3900DEDBDE /* Home.storyboard */; };
		CE18C4D21F64E14F00C748BC /* MaxLengthTextField.swift in Sources */ = {isa = PBXBuildFile; fileRef = CE18C4D11F64E14F00C748BC /* MaxLengthTextField.swift */; };
		CE1B477D1F185025007C7515 /* HomeVC.swift in Sources */ = {isa = PBXBuildFile; fileRef = CE1B477C1F185025007C7515 /* HomeVC.swift */; };
		CE1B477F1F186E99007C7515 /* HomeCustomCell.swift in Sources */ = {isa = PBXBuildFile; fileRef = CE1B477E1F186E99007C7515 /* HomeCustomCell.swift */; };
		CE1B47811F1885B0007C7515 /* SettingsVC.swift in Sources */ = {isa = PBXBuildFile; fileRef = CE1B47801F1885B0007C7515 /* SettingsVC.swift */; };
		CE1CB50B1F01AD10009A8DAC /* Step1VC.swift in Sources */ = {isa = PBXBuildFile; fileRef = CE1CB50A1F01AD10009A8DAC /* Step1VC.swift */; };
		CE1CB5131F01AD9E009A8DAC /* Arista2.0 Alternate light.ttf in Resources */ = {isa = PBXBuildFile; fileRef = CE1CB50D1F01AD9E009A8DAC /* Arista2.0 Alternate light.ttf */; };
		CE1CB5141F01AD9E009A8DAC /* Arista2.0 light.ttf in Resources */ = {isa = PBXBuildFile; fileRef = CE1CB50E1F01AD9E009A8DAC /* Arista2.0 light.ttf */; };
		CE1CB5151F01AD9E009A8DAC /* Arista2.0.ttf in Resources */ = {isa = PBXBuildFile; fileRef = CE1CB50F1F01AD9E009A8DAC /* Arista2.0.ttf */; };
		CE1CB5161F01AD9E009A8DAC /* Arista2.0_fat.ttf in Resources */ = {isa = PBXBuildFile; fileRef = CE1CB5101F01AD9E009A8DAC /* Arista2.0_fat.ttf */; };
		CE1CB5171F01AD9E009A8DAC /* Arista2.0Alternate.ttf in Resources */ = {isa = PBXBuildFile; fileRef = CE1CB5111F01AD9E009A8DAC /* Arista2.0Alternate.ttf */; };
		CE1CB5181F01AD9E009A8DAC /* Arista2.0Alternate_full.ttf in Resources */ = {isa = PBXBuildFile; fileRef = CE1CB5121F01AD9E009A8DAC /* Arista2.0Alternate_full.ttf */; };
		CE1CB51A1F01AF48009A8DAC /* Step2UsersVC.swift in Sources */ = {isa = PBXBuildFile; fileRef = CE1CB5191F01AF48009A8DAC /* Step2UsersVC.swift */; };
		CE1CB5201F02117F009A8DAC /* Step2VC.swift in Sources */ = {isa = PBXBuildFile; fileRef = CE1CB51F1F02117F009A8DAC /* Step2VC.swift */; };
		CE1CB5271F0214BB009A8DAC /* Aiden.jpg in Resources */ = {isa = PBXBuildFile; fileRef = CE1CB5221F0214BB009A8DAC /* Aiden.jpg */; };
		CE1CB5281F0214BB009A8DAC /* Dad.jpg in Resources */ = {isa = PBXBuildFile; fileRef = CE1CB5231F0214BB009A8DAC /* Dad.jpg */; };
		CE1CB5291F0214BB009A8DAC /* Mom.jpg in Resources */ = {isa = PBXBuildFile; fileRef = CE1CB5241F0214BB009A8DAC /* Mom.jpg */; };
		CE1CB52A1F0214BB009A8DAC /* Savannah.jpg in Resources */ = {isa = PBXBuildFile; fileRef = CE1CB5251F0214BB009A8DAC /* Savannah.jpg */; };
		CE1CB52B1F0214BB009A8DAC /* Sophie.jpg in Resources */ = {isa = PBXBuildFile; fileRef = CE1CB5261F0214BB009A8DAC /* Sophie.jpg */; };
		CE1CB52D1F0215EA009A8DAC /* Step2Cell.swift in Sources */ = {isa = PBXBuildFile; fileRef = CE1CB52C1F0215EA009A8DAC /* Step2Cell.swift */; };
		CE24A4381F07121D00A03FA2 /* Step5VC.swift in Sources */ = {isa = PBXBuildFile; fileRef = CE24A4371F07121D00A03FA2 /* Step5VC.swift */; };
		CE2CCBDB1F26DE1C00ACA17F /* VideosCell.swift in Sources */ = {isa = PBXBuildFile; fileRef = CE2CCBDA1F26DE1C00ACA17F /* VideosCell.swift */; };
		CE2CCC001F27136C00ACA17F /* VideoPlaybackVC.swift in Sources */ = {isa = PBXBuildFile; fileRef = CE2CCBFF1F27136C00ACA17F /* VideoPlaybackVC.swift */; };
		CE39D9281F05A3CE00159EC1 /* Step4ParentsVC.swift in Sources */ = {isa = PBXBuildFile; fileRef = CE39D9271F05A3CE00159EC1 /* Step4ParentsVC.swift */; };
		CE39D92A1F05A42C00159EC1 /* Step4ParentCustomCell.swift in Sources */ = {isa = PBXBuildFile; fileRef = CE39D9291F05A42C00159EC1 /* Step4ParentCustomCell.swift */; };
		CE3CA84F1F32B97C0069129B /* ReportsSpendingVC.swift in Sources */ = {isa = PBXBuildFile; fileRef = CE3CA84E1F32B97C0069129B /* ReportsSpendingVC.swift */; };
		CE4832B61F27E27B005A7A55 /* User.storyboard in Resources */ = {isa = PBXBuildFile; fileRef = CE4832B41F27E27B005A7A55 /* User.storyboard */; };
		CE4832B91F27FB11005A7A55 /* HomeNavController.swift in Sources */ = {isa = PBXBuildFile; fileRef = CE4832B81F27FB11005A7A55 /* HomeNavController.swift */; };
		CE4832BB1F27FCA0005A7A55 /* PaydayNavController.swift in Sources */ = {isa = PBXBuildFile; fileRef = CE4832BA1F27FCA0005A7A55 /* PaydayNavController.swift */; };
		CE4832BD1F28005A005A7A55 /* VideosNavController.swift in Sources */ = {isa = PBXBuildFile; fileRef = CE4832BC1F28005A005A7A55 /* VideosNavController.swift */; };
		CE4832BF1F2800A5005A7A55 /* SettingsNavController.swift in Sources */ = {isa = PBXBuildFile; fileRef = CE4832BE1F2800A5005A7A55 /* SettingsNavController.swift */; };
		CE4832C11F280216005A7A55 /* UserNavController.swift in Sources */ = {isa = PBXBuildFile; fileRef = CE4832C01F280216005A7A55 /* UserNavController.swift */; };
		CE4832C31F281154005A7A55 /* JobJarNavController.swift in Sources */ = {isa = PBXBuildFile; fileRef = CE4832C21F281154005A7A55 /* JobJarNavController.swift */; };
		CE4832C51F28116B005A7A55 /* JobJarVC.swift in Sources */ = {isa = PBXBuildFile; fileRef = CE4832C41F28116B005A7A55 /* JobJarVC.swift */; };
		CE4832C91F28611B005A7A55 /* ReportsVC.swift in Sources */ = {isa = PBXBuildFile; fileRef = CE4832C81F28611B005A7A55 /* ReportsVC.swift */; };
		CE4832CB1F286843005A7A55 /* ReportsNavController.swift in Sources */ = {isa = PBXBuildFile; fileRef = CE4832CA1F286843005A7A55 /* ReportsNavController.swift */; };
		CE5579671F05E15C006FE40B /* Step4ParentHabitVC.swift in Sources */ = {isa = PBXBuildFile; fileRef = CE5579661F05E15C006FE40B /* Step4ParentHabitVC.swift */; };
		CE5579691F05E44B006FE40B /* Step4ParentHabitCell.swift in Sources */ = {isa = PBXBuildFile; fileRef = CE5579681F05E44B006FE40B /* Step4ParentHabitCell.swift */; };
		CE55796D1F06134F006FE40B /* ChoreSummaryVC.swift in Sources */ = {isa = PBXBuildFile; fileRef = CE55796C1F06134F006FE40B /* ChoreSummaryVC.swift */; };
		CE55796F1F0633B3006FE40B /* ChoreSummaryCell.swift in Sources */ = {isa = PBXBuildFile; fileRef = CE55796E1F0633B3006FE40B /* ChoreSummaryCell.swift */; };
		CE6996641F70C05900E8668C /* Step3AddJobVC.swift in Sources */ = {isa = PBXBuildFile; fileRef = CE6996631F70C05900E8668C /* Step3AddJobVC.swift */; };
		CE7160F91F04A2A10045AA05 /* Step4HabitViewController.swift in Sources */ = {isa = PBXBuildFile; fileRef = CE7160F81F04A2A10045AA05 /* Step4HabitViewController.swift */; };
		CE7160FB1F04A9270045AA05 /* Step4HabitCustomCell.swift in Sources */ = {isa = PBXBuildFile; fileRef = CE7160FA1F04A9270045AA05 /* Step4HabitCustomCell.swift */; };
		CE79B8941F233F290032DD70 /* VideosVC.swift in Sources */ = {isa = PBXBuildFile; fileRef = CE79B8931F233F290032DD70 /* VideosVC.swift */; };
		CE7FF98D1F340E6A000AD071 /* WithdrawalVC.swift in Sources */ = {isa = PBXBuildFile; fileRef = CE7FF98C1F340E6A000AD071 /* WithdrawalVC.swift */; };
		CE7FF98F1F34124F000AD071 /* FeeVC.swift in Sources */ = {isa = PBXBuildFile; fileRef = CE7FF98E1F34124F000AD071 /* FeeVC.swift */; };
		CE7FF9911F3448C9000AD071 /* UserSettingsVC.swift in Sources */ = {isa = PBXBuildFile; fileRef = CE7FF9901F3448C9000AD071 /* UserSettingsVC.swift */; };
		CE8FF9FE1F0F7D88004A53BE /* Step5ExpensesCell.swift in Sources */ = {isa = PBXBuildFile; fileRef = CE8FF9FD1F0F7D88004A53BE /* Step5ExpensesCell.swift */; };
		CE8FFA001F109FC2004A53BE /* Step5ExpenseDetailVC.swift in Sources */ = {isa = PBXBuildFile; fileRef = CE8FF9FF1F109FC2004A53BE /* Step5ExpenseDetailVC.swift */; };
		CE8FFA021F10AE92004A53BE /* GlobalVariables.swift in Sources */ = {isa = PBXBuildFile; fileRef = CE8FFA011F10AE92004A53BE /* GlobalVariables.swift */; };
		CE9443B61F297F5C00ACC7D4 /* UserSettingsNavController.swift in Sources */ = {isa = PBXBuildFile; fileRef = CE9443B51F297F5C00ACC7D4 /* UserSettingsNavController.swift */; };
		CE9443B81F29804200ACC7D4 /* SpendingNavController.swift in Sources */ = {isa = PBXBuildFile; fileRef = CE9443B71F29804200ACC7D4 /* SpendingNavController.swift */; };
		CE9443BA1F29839F00ACC7D4 /* MoneyNavController.swift in Sources */ = {isa = PBXBuildFile; fileRef = CE9443B91F29839F00ACC7D4 /* MoneyNavController.swift */; };
		CE9443BC1F29842000ACC7D4 /* ReportsPointsVC.swift in Sources */ = {isa = PBXBuildFile; fileRef = CE9443BB1F29842000ACC7D4 /* ReportsPointsVC.swift */; };
		CE9443BE1F29847F00ACC7D4 /* MoneyVC.swift in Sources */ = {isa = PBXBuildFile; fileRef = CE9443BD1F29847F00ACC7D4 /* MoneyVC.swift */; };
		CE951E411F4B5D54003B5EEF /* PaydayDetailVC.swift in Sources */ = {isa = PBXBuildFile; fileRef = CE951E401F4B5D54003B5EEF /* PaydayDetailVC.swift */; };
		CE951E431F4B622D003B5EEF /* PaydayDetailCellA1.swift in Sources */ = {isa = PBXBuildFile; fileRef = CE951E421F4B622D003B5EEF /* PaydayDetailCellA1.swift */; };
		CE951E451F4B6243003B5EEF /* PaydayDetailCellA2.swift in Sources */ = {isa = PBXBuildFile; fileRef = CE951E441F4B6243003B5EEF /* PaydayDetailCellA2.swift */; };
		CE951E471F4B7C3C003B5EEF /* PaydayDetailCellB1.swift in Sources */ = {isa = PBXBuildFile; fileRef = CE951E461F4B7C3C003B5EEF /* PaydayDetailCellB1.swift */; };
		CE951E491F4B7C4C003B5EEF /* PaydayDetailCellB2.swift in Sources */ = {isa = PBXBuildFile; fileRef = CE951E481F4B7C4C003B5EEF /* PaydayDetailCellB2.swift */; };
		CE951E4B1F4B7C57003B5EEF /* PaydayDetailCellC1.swift in Sources */ = {isa = PBXBuildFile; fileRef = CE951E4A1F4B7C57003B5EEF /* PaydayDetailCellC1.swift */; };
		CE951E4D1F4B7C63003B5EEF /* PaydayDetailCellC2.swift in Sources */ = {isa = PBXBuildFile; fileRef = CE951E4C1F4B7C63003B5EEF /* PaydayDetailCellC2.swift */; };
		CE99F07E1F0AB53D007E01E7 /* Step5IncomeSummaryVC.swift in Sources */ = {isa = PBXBuildFile; fileRef = CE99F07D1F0AB53D007E01E7 /* Step5IncomeSummaryVC.swift */; };
		CE99F0A81F0B6B5D007E01E7 /* Step5ExpensesVC.swift in Sources */ = {isa = PBXBuildFile; fileRef = CE99F0A71F0B6B5D007E01E7 /* Step5ExpensesVC.swift */; };
		CEA2BC491F71C3900020D958 /* JobsAndHabits.swift in Sources */ = {isa = PBXBuildFile; fileRef = CEA2BC481F71C3900020D958 /* JobsAndHabits.swift */; };
		CEAAF9DA1F356D3800846DD5 /* PaydayCell.swift in Sources */ = {isa = PBXBuildFile; fileRef = CEAAF9D91F356D3800846DD5 /* PaydayCell.swift */; };
		CEAAF9DC1F356F2400846DD5 /* PaydayVC.swift in Sources */ = {isa = PBXBuildFile; fileRef = CEAAF9DB1F356F2400846DD5 /* PaydayVC.swift */; };
		CEAAF9DE1F35A41C00846DD5 /* SpendingVC.swift in Sources */ = {isa = PBXBuildFile; fileRef = CEAAF9DD1F35A41C00846DD5 /* SpendingVC.swift */; };
		CEAD053E1F2209A60097CD33 /* UserCell.swift in Sources */ = {isa = PBXBuildFile; fileRef = CEAD053D1F2209A60097CD33 /* UserCell.swift */; };
		CEB2FD541EFF4DB300763862 /* GoogleService-Info.plist in Resources */ = {isa = PBXBuildFile; fileRef = CEB2FD531EFF4DB300763862 /* GoogleService-Info.plist */; };
		CEB32C691F2C09DC0069D8B0 /* ReportsCBVC.swift in Sources */ = {isa = PBXBuildFile; fileRef = CEB32C681F2C09DB0069D8B0 /* ReportsCBVC.swift */; };
		CEB32C6B1F2C49D10069D8B0 /* ReportsCBCell.swift in Sources */ = {isa = PBXBuildFile; fileRef = CEB32C6A1F2C49D10069D8B0 /* ReportsCBCell.swift */; };
		CEB4CD2A1F1ECD9100F9733F /* UserVC.swift in Sources */ = {isa = PBXBuildFile; fileRef = CEB4CD291F1ECD9100F9733F /* UserVC.swift */; };
		CEB4CD2D1F1ED77400F9733F /* SetupNavController.swift in Sources */ = {isa = PBXBuildFile; fileRef = CEB4CD2C1F1ED77400F9733F /* SetupNavController.swift */; };
		CEB524151F5A13DC00CD8491 /* ReportsBudgetVC.swift in Sources */ = {isa = PBXBuildFile; fileRef = CEB524141F5A13DC00CD8491 /* ReportsBudgetVC.swift */; };
		CEB524191F5A6F1F00CD8491 /* ReportsBudgetCell2.swift in Sources */ = {isa = PBXBuildFile; fileRef = CEB524181F5A6F1F00CD8491 /* ReportsBudgetCell2.swift */; };
		CEB7D1681F5A86D3006D9763 /* ReportsBudgetCell1.swift in Sources */ = {isa = PBXBuildFile; fileRef = CEB7D1671F5A86D3006D9763 /* ReportsBudgetCell1.swift */; };
		CED509E21F030F560058728F /* Step4ViewController.swift in Sources */ = {isa = PBXBuildFile; fileRef = CED509E11F030F560058728F /* Step4ViewController.swift */; };
		CED509E41F0310740058728F /* Step4CustomCell.swift in Sources */ = {isa = PBXBuildFile; fileRef = CED509E31F0310740058728F /* Step4CustomCell.swift */; };
		CEDBFE2E1F2AE4C800829DE4 /* ReportsPointsCell.swift in Sources */ = {isa = PBXBuildFile; fileRef = CEDBFE2D1F2AE4C800829DE4 /* ReportsPointsCell.swift */; };
		CEE2631C1F2D25BA007AB77E /* MoneyCell1.swift in Sources */ = {isa = PBXBuildFile; fileRef = CEE2631B1F2D25BA007AB77E /* MoneyCell1.swift */; };
		CEE4D6A41F0F4433009BAE6C /* Step5ExpensesInputVC.swift in Sources */ = {isa = PBXBuildFile; fileRef = CEE4D6A31F0F4433009BAE6C /* Step5ExpensesInputVC.swift */; };
		CEE4D6AC1F0F70EC009BAE6C /* Step5HeaderCell.swift in Sources */ = {isa = PBXBuildFile; fileRef = CEE4D6AB1F0F70EC009BAE6C /* Step5HeaderCell.swift */; };
		CEEBB3401F202D900046E3FE /* SetupCompleteVC.swift in Sources */ = {isa = PBXBuildFile; fileRef = CEEBB33F1F202D900046E3FE /* SetupCompleteVC.swift */; };
		CEF1A4931F022F3F00C010F9 /* Step3VC.swift in Sources */ = {isa = PBXBuildFile; fileRef = CEF1A4921F022F3F00C010F9 /* Step3VC.swift */; };
		CEF1A4951F02472700C010F9 /* Step3CustomCell.swift in Sources */ = {isa = PBXBuildFile; fileRef = CEF1A4941F02472700C010F9 /* Step3CustomCell.swift */; };
		CEF3EBBB1F302CF0008953A8 /* MoneyCell2.swift in Sources */ = {isa = PBXBuildFile; fileRef = CEF3EBBA1F302CF0008953A8 /* MoneyCell2.swift */; };
		CEF3EBBD1F305A45008953A8 /* MoneyCell3.swift in Sources */ = {isa = PBXBuildFile; fileRef = CEF3EBBC1F305A45008953A8 /* MoneyCell3.swift */; };
		CEF3EBBF1F305FE4008953A8 /* MoneyCell4.swift in Sources */ = {isa = PBXBuildFile; fileRef = CEF3EBBE1F305FE4008953A8 /* MoneyCell4.swift */; };
		CEFC22001F64A82900CC4FC1 /* User.swift in Sources */ = {isa = PBXBuildFile; fileRef = CEFC21FF1F64A82900CC4FC1 /* User.swift */; };
/* End PBXBuildFile section */

/* Begin PBXFileReference section */
		0EEB60791ED918BB005B2813 /* Item.swift */ = {isa = PBXFileReference; fileEncoding = 4; lastKnownFileType = sourcecode.swift; path = Item.swift; sourceTree = "<group>"; };
		17FBA854F90BAC963AFBF2FF /* Pods_ToDo_App.framework */ = {isa = PBXFileReference; explicitFileType = wrapper.framework; includeInIndex = 0; path = Pods_ToDo_App.framework; sourceTree = BUILT_PRODUCTS_DIR; };
		5F95373CF9BA0303AD815BBD /* Pods-ToDo App.release.xcconfig */ = {isa = PBXFileReference; includeInIndex = 1; lastKnownFileType = text.xcconfig; name = "Pods-ToDo App.release.xcconfig"; path = "Pods/Target Support Files/Pods-ToDo App/Pods-ToDo App.release.xcconfig"; sourceTree = "<group>"; };
		89FB67541D5C82AB002B2484 /* ToDo App.app */ = {isa = PBXFileReference; explicitFileType = wrapper.application; includeInIndex = 0; path = "ToDo App.app"; sourceTree = BUILT_PRODUCTS_DIR; };
		89FB67571D5C82AB002B2484 /* AppDelegate.swift */ = {isa = PBXFileReference; lastKnownFileType = sourcecode.swift; path = AppDelegate.swift; sourceTree = "<group>"; };
		89FB675C1D5C82AB002B2484 /* Base */ = {isa = PBXFileReference; lastKnownFileType = file.storyboard; name = Base; path = Base.lproj/Setup.storyboard; sourceTree = "<group>"; };
		89FB675E1D5C82AB002B2484 /* Assets.xcassets */ = {isa = PBXFileReference; lastKnownFileType = folder.assetcatalog; path = Assets.xcassets; sourceTree = "<group>"; };
		89FB67611D5C82AB002B2484 /* Base */ = {isa = PBXFileReference; lastKnownFileType = file.storyboard; name = Base; path = Base.lproj/LaunchScreen.storyboard; sourceTree = "<group>"; };
		89FB67631D5C82AB002B2484 /* Info.plist */ = {isa = PBXFileReference; lastKnownFileType = text.plist.xml; path = Info.plist; sourceTree = "<group>"; };
		89FB67691D5C82F5002B2484 /* LoginViewController.swift */ = {isa = PBXFileReference; fileEncoding = 4; lastKnownFileType = sourcecode.swift; path = LoginViewController.swift; sourceTree = "<group>"; };
		89FB676B1D5C837D002B2484 /* SignUpViewController.swift */ = {isa = PBXFileReference; fileEncoding = 4; lastKnownFileType = sourcecode.swift; path = SignUpViewController.swift; sourceTree = "<group>"; };
		89FB676D1D5C8411002B2484 /* ItemsTableViewController.swift */ = {isa = PBXFileReference; fileEncoding = 4; lastKnownFileType = sourcecode.swift; path = ItemsTableViewController.swift; sourceTree = "<group>"; };
		CE0E19721F168B3900DEDBDE /* Base */ = {isa = PBXFileReference; lastKnownFileType = file.storyboard; name = Base; path = Base.lproj/Home.storyboard; sourceTree = "<group>"; };
		CE18C4D11F64E14F00C748BC /* MaxLengthTextField.swift */ = {isa = PBXFileReference; fileEncoding = 4; lastKnownFileType = sourcecode.swift; path = MaxLengthTextField.swift; sourceTree = "<group>"; };
		CE1B477C1F185025007C7515 /* HomeVC.swift */ = {isa = PBXFileReference; fileEncoding = 4; lastKnownFileType = sourcecode.swift; path = HomeVC.swift; sourceTree = "<group>"; };
		CE1B477E1F186E99007C7515 /* HomeCustomCell.swift */ = {isa = PBXFileReference; fileEncoding = 4; lastKnownFileType = sourcecode.swift; path = HomeCustomCell.swift; sourceTree = "<group>"; };
		CE1B47801F1885B0007C7515 /* SettingsVC.swift */ = {isa = PBXFileReference; fileEncoding = 4; lastKnownFileType = sourcecode.swift; lineEnding = 0; path = SettingsVC.swift; sourceTree = "<group>"; xcLanguageSpecificationIdentifier = xcode.lang.swift; };
		CE1CB50A1F01AD10009A8DAC /* Step1VC.swift */ = {isa = PBXFileReference; fileEncoding = 4; lastKnownFileType = sourcecode.swift; lineEnding = 0; path = Step1VC.swift; sourceTree = "<group>"; xcLanguageSpecificationIdentifier = xcode.lang.swift; };
		CE1CB50D1F01AD9E009A8DAC /* Arista2.0 Alternate light.ttf */ = {isa = PBXFileReference; lastKnownFileType = file; path = "Arista2.0 Alternate light.ttf"; sourceTree = "<group>"; };
		CE1CB50E1F01AD9E009A8DAC /* Arista2.0 light.ttf */ = {isa = PBXFileReference; lastKnownFileType = file; path = "Arista2.0 light.ttf"; sourceTree = "<group>"; };
		CE1CB50F1F01AD9E009A8DAC /* Arista2.0.ttf */ = {isa = PBXFileReference; lastKnownFileType = file; path = Arista2.0.ttf; sourceTree = "<group>"; };
		CE1CB5101F01AD9E009A8DAC /* Arista2.0_fat.ttf */ = {isa = PBXFileReference; lastKnownFileType = file; path = Arista2.0_fat.ttf; sourceTree = "<group>"; };
		CE1CB5111F01AD9E009A8DAC /* Arista2.0Alternate.ttf */ = {isa = PBXFileReference; lastKnownFileType = file; path = Arista2.0Alternate.ttf; sourceTree = "<group>"; };
		CE1CB5121F01AD9E009A8DAC /* Arista2.0Alternate_full.ttf */ = {isa = PBXFileReference; lastKnownFileType = file; path = Arista2.0Alternate_full.ttf; sourceTree = "<group>"; };
		CE1CB5191F01AF48009A8DAC /* Step2UsersVC.swift */ = {isa = PBXFileReference; fileEncoding = 4; lastKnownFileType = sourcecode.swift; lineEnding = 0; path = Step2UsersVC.swift; sourceTree = "<group>"; xcLanguageSpecificationIdentifier = xcode.lang.swift; };
		CE1CB51F1F02117F009A8DAC /* Step2VC.swift */ = {isa = PBXFileReference; fileEncoding = 4; lastKnownFileType = sourcecode.swift; lineEnding = 0; path = Step2VC.swift; sourceTree = "<group>"; xcLanguageSpecificationIdentifier = xcode.lang.swift; };
		CE1CB5221F0214BB009A8DAC /* Aiden.jpg */ = {isa = PBXFileReference; lastKnownFileType = image.jpeg; path = Aiden.jpg; sourceTree = "<group>"; };
		CE1CB5231F0214BB009A8DAC /* Dad.jpg */ = {isa = PBXFileReference; lastKnownFileType = image.jpeg; path = Dad.jpg; sourceTree = "<group>"; };
		CE1CB5241F0214BB009A8DAC /* Mom.jpg */ = {isa = PBXFileReference; lastKnownFileType = image.jpeg; path = Mom.jpg; sourceTree = "<group>"; };
		CE1CB5251F0214BB009A8DAC /* Savannah.jpg */ = {isa = PBXFileReference; lastKnownFileType = image.jpeg; path = Savannah.jpg; sourceTree = "<group>"; };
		CE1CB5261F0214BB009A8DAC /* Sophie.jpg */ = {isa = PBXFileReference; lastKnownFileType = image.jpeg; path = Sophie.jpg; sourceTree = "<group>"; };
		CE1CB52C1F0215EA009A8DAC /* Step2Cell.swift */ = {isa = PBXFileReference; fileEncoding = 4; lastKnownFileType = sourcecode.swift; lineEnding = 0; path = Step2Cell.swift; sourceTree = "<group>"; xcLanguageSpecificationIdentifier = xcode.lang.swift; };
		CE24A4371F07121D00A03FA2 /* Step5VC.swift */ = {isa = PBXFileReference; fileEncoding = 4; lastKnownFileType = sourcecode.swift; path = Step5VC.swift; sourceTree = "<group>"; };
		CE2CCBDA1F26DE1C00ACA17F /* VideosCell.swift */ = {isa = PBXFileReference; fileEncoding = 4; lastKnownFileType = sourcecode.swift; path = VideosCell.swift; sourceTree = "<group>"; };
		CE2CCBFF1F27136C00ACA17F /* VideoPlaybackVC.swift */ = {isa = PBXFileReference; fileEncoding = 4; lastKnownFileType = sourcecode.swift; path = VideoPlaybackVC.swift; sourceTree = "<group>"; };
		CE39D9271F05A3CE00159EC1 /* Step4ParentsVC.swift */ = {isa = PBXFileReference; fileEncoding = 4; lastKnownFileType = sourcecode.swift; path = Step4ParentsVC.swift; sourceTree = "<group>"; };
		CE39D9291F05A42C00159EC1 /* Step4ParentCustomCell.swift */ = {isa = PBXFileReference; fileEncoding = 4; lastKnownFileType = sourcecode.swift; path = Step4ParentCustomCell.swift; sourceTree = "<group>"; };
		CE3CA84E1F32B97C0069129B /* ReportsSpendingVC.swift */ = {isa = PBXFileReference; fileEncoding = 4; lastKnownFileType = sourcecode.swift; path = ReportsSpendingVC.swift; sourceTree = "<group>"; };
		CE4832B51F27E27B005A7A55 /* Base */ = {isa = PBXFileReference; lastKnownFileType = file.storyboard; name = Base; path = Base.lproj/User.storyboard; sourceTree = "<group>"; };
		CE4832B81F27FB11005A7A55 /* HomeNavController.swift */ = {isa = PBXFileReference; fileEncoding = 4; lastKnownFileType = sourcecode.swift; path = HomeNavController.swift; sourceTree = "<group>"; };
		CE4832BA1F27FCA0005A7A55 /* PaydayNavController.swift */ = {isa = PBXFileReference; fileEncoding = 4; lastKnownFileType = sourcecode.swift; path = PaydayNavController.swift; sourceTree = "<group>"; };
		CE4832BC1F28005A005A7A55 /* VideosNavController.swift */ = {isa = PBXFileReference; fileEncoding = 4; lastKnownFileType = sourcecode.swift; path = VideosNavController.swift; sourceTree = "<group>"; };
		CE4832BE1F2800A5005A7A55 /* SettingsNavController.swift */ = {isa = PBXFileReference; fileEncoding = 4; lastKnownFileType = sourcecode.swift; path = SettingsNavController.swift; sourceTree = "<group>"; };
		CE4832C01F280216005A7A55 /* UserNavController.swift */ = {isa = PBXFileReference; fileEncoding = 4; lastKnownFileType = sourcecode.swift; path = UserNavController.swift; sourceTree = "<group>"; };
		CE4832C21F281154005A7A55 /* JobJarNavController.swift */ = {isa = PBXFileReference; fileEncoding = 4; lastKnownFileType = sourcecode.swift; path = JobJarNavController.swift; sourceTree = "<group>"; };
		CE4832C41F28116B005A7A55 /* JobJarVC.swift */ = {isa = PBXFileReference; fileEncoding = 4; lastKnownFileType = sourcecode.swift; path = JobJarVC.swift; sourceTree = "<group>"; };
		CE4832C81F28611B005A7A55 /* ReportsVC.swift */ = {isa = PBXFileReference; fileEncoding = 4; lastKnownFileType = sourcecode.swift; path = ReportsVC.swift; sourceTree = "<group>"; };
		CE4832CA1F286843005A7A55 /* ReportsNavController.swift */ = {isa = PBXFileReference; fileEncoding = 4; lastKnownFileType = sourcecode.swift; path = ReportsNavController.swift; sourceTree = "<group>"; };
		CE5579661F05E15C006FE40B /* Step4ParentHabitVC.swift */ = {isa = PBXFileReference; fileEncoding = 4; lastKnownFileType = sourcecode.swift; path = Step4ParentHabitVC.swift; sourceTree = "<group>"; };
		CE5579681F05E44B006FE40B /* Step4ParentHabitCell.swift */ = {isa = PBXFileReference; fileEncoding = 4; lastKnownFileType = sourcecode.swift; path = Step4ParentHabitCell.swift; sourceTree = "<group>"; };
		CE55796C1F06134F006FE40B /* ChoreSummaryVC.swift */ = {isa = PBXFileReference; fileEncoding = 4; lastKnownFileType = sourcecode.swift; path = ChoreSummaryVC.swift; sourceTree = "<group>"; };
		CE55796E1F0633B3006FE40B /* ChoreSummaryCell.swift */ = {isa = PBXFileReference; fileEncoding = 4; lastKnownFileType = sourcecode.swift; path = ChoreSummaryCell.swift; sourceTree = "<group>"; };
		CE6996631F70C05900E8668C /* Step3AddJobVC.swift */ = {isa = PBXFileReference; fileEncoding = 4; lastKnownFileType = sourcecode.swift; path = Step3AddJobVC.swift; sourceTree = "<group>"; };
		CE7160F81F04A2A10045AA05 /* Step4HabitViewController.swift */ = {isa = PBXFileReference; fileEncoding = 4; lastKnownFileType = sourcecode.swift; path = Step4HabitViewController.swift; sourceTree = "<group>"; };
		CE7160FA1F04A9270045AA05 /* Step4HabitCustomCell.swift */ = {isa = PBXFileReference; fileEncoding = 4; lastKnownFileType = sourcecode.swift; path = Step4HabitCustomCell.swift; sourceTree = "<group>"; };
		CE79B8931F233F290032DD70 /* VideosVC.swift */ = {isa = PBXFileReference; fileEncoding = 4; lastKnownFileType = sourcecode.swift; path = VideosVC.swift; sourceTree = "<group>"; };
		CE7FF98C1F340E6A000AD071 /* WithdrawalVC.swift */ = {isa = PBXFileReference; fileEncoding = 4; lastKnownFileType = sourcecode.swift; path = WithdrawalVC.swift; sourceTree = "<group>"; wrapsLines = 1; };
		CE7FF98E1F34124F000AD071 /* FeeVC.swift */ = {isa = PBXFileReference; fileEncoding = 4; lastKnownFileType = sourcecode.swift; path = FeeVC.swift; sourceTree = "<group>"; };
		CE7FF9901F3448C9000AD071 /* UserSettingsVC.swift */ = {isa = PBXFileReference; fileEncoding = 4; lastKnownFileType = sourcecode.swift; path = UserSettingsVC.swift; sourceTree = "<group>"; };
		CE8FF9FD1F0F7D88004A53BE /* Step5ExpensesCell.swift */ = {isa = PBXFileReference; fileEncoding = 4; lastKnownFileType = sourcecode.swift; path = Step5ExpensesCell.swift; sourceTree = "<group>"; };
		CE8FF9FF1F109FC2004A53BE /* Step5ExpenseDetailVC.swift */ = {isa = PBXFileReference; fileEncoding = 4; lastKnownFileType = sourcecode.swift; path = Step5ExpenseDetailVC.swift; sourceTree = "<group>"; };
		CE8FFA011F10AE92004A53BE /* GlobalVariables.swift */ = {isa = PBXFileReference; fileEncoding = 4; lastKnownFileType = sourcecode.swift; path = GlobalVariables.swift; sourceTree = "<group>"; };
		CE9443B51F297F5C00ACC7D4 /* UserSettingsNavController.swift */ = {isa = PBXFileReference; fileEncoding = 4; lastKnownFileType = sourcecode.swift; path = UserSettingsNavController.swift; sourceTree = "<group>"; };
		CE9443B71F29804200ACC7D4 /* SpendingNavController.swift */ = {isa = PBXFileReference; fileEncoding = 4; lastKnownFileType = sourcecode.swift; path = SpendingNavController.swift; sourceTree = "<group>"; };
		CE9443B91F29839F00ACC7D4 /* MoneyNavController.swift */ = {isa = PBXFileReference; fileEncoding = 4; lastKnownFileType = sourcecode.swift; path = MoneyNavController.swift; sourceTree = "<group>"; };
		CE9443BB1F29842000ACC7D4 /* ReportsPointsVC.swift */ = {isa = PBXFileReference; fileEncoding = 4; lastKnownFileType = sourcecode.swift; lineEnding = 0; path = ReportsPointsVC.swift; sourceTree = "<group>"; xcLanguageSpecificationIdentifier = xcode.lang.swift; };
		CE9443BD1F29847F00ACC7D4 /* MoneyVC.swift */ = {isa = PBXFileReference; fileEncoding = 4; lastKnownFileType = sourcecode.swift; lineEnding = 0; path = MoneyVC.swift; sourceTree = "<group>"; xcLanguageSpecificationIdentifier = xcode.lang.swift; };
		CE951E401F4B5D54003B5EEF /* PaydayDetailVC.swift */ = {isa = PBXFileReference; fileEncoding = 4; lastKnownFileType = sourcecode.swift; lineEnding = 0; path = PaydayDetailVC.swift; sourceTree = "<group>"; xcLanguageSpecificationIdentifier = xcode.lang.swift; };
		CE951E421F4B622D003B5EEF /* PaydayDetailCellA1.swift */ = {isa = PBXFileReference; fileEncoding = 4; lastKnownFileType = sourcecode.swift; path = PaydayDetailCellA1.swift; sourceTree = "<group>"; };
		CE951E441F4B6243003B5EEF /* PaydayDetailCellA2.swift */ = {isa = PBXFileReference; fileEncoding = 4; lastKnownFileType = sourcecode.swift; path = PaydayDetailCellA2.swift; sourceTree = "<group>"; };
		CE951E461F4B7C3C003B5EEF /* PaydayDetailCellB1.swift */ = {isa = PBXFileReference; fileEncoding = 4; lastKnownFileType = sourcecode.swift; path = PaydayDetailCellB1.swift; sourceTree = "<group>"; };
		CE951E481F4B7C4C003B5EEF /* PaydayDetailCellB2.swift */ = {isa = PBXFileReference; fileEncoding = 4; lastKnownFileType = sourcecode.swift; path = PaydayDetailCellB2.swift; sourceTree = "<group>"; };
		CE951E4A1F4B7C57003B5EEF /* PaydayDetailCellC1.swift */ = {isa = PBXFileReference; fileEncoding = 4; lastKnownFileType = sourcecode.swift; path = PaydayDetailCellC1.swift; sourceTree = "<group>"; };
		CE951E4C1F4B7C63003B5EEF /* PaydayDetailCellC2.swift */ = {isa = PBXFileReference; fileEncoding = 4; lastKnownFileType = sourcecode.swift; path = PaydayDetailCellC2.swift; sourceTree = "<group>"; };
		CE99F07D1F0AB53D007E01E7 /* Step5IncomeSummaryVC.swift */ = {isa = PBXFileReference; fileEncoding = 4; lastKnownFileType = sourcecode.swift; path = Step5IncomeSummaryVC.swift; sourceTree = "<group>"; };
		CE99F0A71F0B6B5D007E01E7 /* Step5ExpensesVC.swift */ = {isa = PBXFileReference; fileEncoding = 4; lastKnownFileType = sourcecode.swift; path = Step5ExpensesVC.swift; sourceTree = "<group>"; };
		CEA2BC481F71C3900020D958 /* JobsAndHabits.swift */ = {isa = PBXFileReference; fileEncoding = 4; lastKnownFileType = sourcecode.swift; path = JobsAndHabits.swift; sourceTree = "<group>"; };
		CEAAF9D91F356D3800846DD5 /* PaydayCell.swift */ = {isa = PBXFileReference; fileEncoding = 4; lastKnownFileType = sourcecode.swift; path = PaydayCell.swift; sourceTree = "<group>"; };
		CEAAF9DB1F356F2400846DD5 /* PaydayVC.swift */ = {isa = PBXFileReference; fileEncoding = 4; lastKnownFileType = sourcecode.swift; path = PaydayVC.swift; sourceTree = "<group>"; };
		CEAAF9DD1F35A41C00846DD5 /* SpendingVC.swift */ = {isa = PBXFileReference; fileEncoding = 4; lastKnownFileType = sourcecode.swift; path = SpendingVC.swift; sourceTree = "<group>"; };
		CEAD053D1F2209A60097CD33 /* UserCell.swift */ = {isa = PBXFileReference; fileEncoding = 4; lastKnownFileType = sourcecode.swift; path = UserCell.swift; sourceTree = "<group>"; };
		CEB2FD531EFF4DB300763862 /* GoogleService-Info.plist */ = {isa = PBXFileReference; fileEncoding = 4; lastKnownFileType = text.plist.xml; path = "GoogleService-Info.plist"; sourceTree = "<group>"; };
		CEB32C681F2C09DB0069D8B0 /* ReportsCBVC.swift */ = {isa = PBXFileReference; fileEncoding = 4; lastKnownFileType = sourcecode.swift; lineEnding = 0; path = ReportsCBVC.swift; sourceTree = "<group>"; xcLanguageSpecificationIdentifier = xcode.lang.swift; };
		CEB32C6A1F2C49D10069D8B0 /* ReportsCBCell.swift */ = {isa = PBXFileReference; fileEncoding = 4; lastKnownFileType = sourcecode.swift; lineEnding = 0; path = ReportsCBCell.swift; sourceTree = "<group>"; xcLanguageSpecificationIdentifier = xcode.lang.swift; };
		CEB4CD291F1ECD9100F9733F /* UserVC.swift */ = {isa = PBXFileReference; fileEncoding = 4; lastKnownFileType = sourcecode.swift; path = UserVC.swift; sourceTree = "<group>"; };
		CEB4CD2C1F1ED77400F9733F /* SetupNavController.swift */ = {isa = PBXFileReference; fileEncoding = 4; lastKnownFileType = sourcecode.swift; path = SetupNavController.swift; sourceTree = "<group>"; };
		CEB524141F5A13DC00CD8491 /* ReportsBudgetVC.swift */ = {isa = PBXFileReference; fileEncoding = 4; lastKnownFileType = sourcecode.swift; path = ReportsBudgetVC.swift; sourceTree = "<group>"; };
		CEB524181F5A6F1F00CD8491 /* ReportsBudgetCell2.swift */ = {isa = PBXFileReference; fileEncoding = 4; lastKnownFileType = sourcecode.swift; path = ReportsBudgetCell2.swift; sourceTree = "<group>"; };
		CEB7D1671F5A86D3006D9763 /* ReportsBudgetCell1.swift */ = {isa = PBXFileReference; fileEncoding = 4; lastKnownFileType = sourcecode.swift; path = ReportsBudgetCell1.swift; sourceTree = "<group>"; };
		CED509E11F030F560058728F /* Step4ViewController.swift */ = {isa = PBXFileReference; fileEncoding = 4; lastKnownFileType = sourcecode.swift; path = Step4ViewController.swift; sourceTree = "<group>"; };
		CED509E31F0310740058728F /* Step4CustomCell.swift */ = {isa = PBXFileReference; fileEncoding = 4; lastKnownFileType = sourcecode.swift; path = Step4CustomCell.swift; sourceTree = "<group>"; };
		CEDBFE2D1F2AE4C800829DE4 /* ReportsPointsCell.swift */ = {isa = PBXFileReference; fileEncoding = 4; lastKnownFileType = sourcecode.swift; lineEnding = 0; path = ReportsPointsCell.swift; sourceTree = "<group>"; xcLanguageSpecificationIdentifier = xcode.lang.swift; };
		CEE2631B1F2D25BA007AB77E /* MoneyCell1.swift */ = {isa = PBXFileReference; fileEncoding = 4; lastKnownFileType = sourcecode.swift; path = MoneyCell1.swift; sourceTree = "<group>"; };
		CEE4D6A31F0F4433009BAE6C /* Step5ExpensesInputVC.swift */ = {isa = PBXFileReference; fileEncoding = 4; lastKnownFileType = sourcecode.swift; path = Step5ExpensesInputVC.swift; sourceTree = "<group>"; };
		CEE4D6AB1F0F70EC009BAE6C /* Step5HeaderCell.swift */ = {isa = PBXFileReference; fileEncoding = 4; lastKnownFileType = sourcecode.swift; path = Step5HeaderCell.swift; sourceTree = "<group>"; };
		CEEBB33F1F202D900046E3FE /* SetupCompleteVC.swift */ = {isa = PBXFileReference; fileEncoding = 4; lastKnownFileType = sourcecode.swift; path = SetupCompleteVC.swift; sourceTree = "<group>"; };
		CEF1A4921F022F3F00C010F9 /* Step3VC.swift */ = {isa = PBXFileReference; fileEncoding = 4; lastKnownFileType = sourcecode.swift; lineEnding = 0; path = Step3VC.swift; sourceTree = "<group>"; xcLanguageSpecificationIdentifier = xcode.lang.swift; };
		CEF1A4941F02472700C010F9 /* Step3CustomCell.swift */ = {isa = PBXFileReference; fileEncoding = 4; lastKnownFileType = sourcecode.swift; path = Step3CustomCell.swift; sourceTree = "<group>"; };
		CEF3EBBA1F302CF0008953A8 /* MoneyCell2.swift */ = {isa = PBXFileReference; fileEncoding = 4; lastKnownFileType = sourcecode.swift; path = MoneyCell2.swift; sourceTree = "<group>"; };
		CEF3EBBC1F305A45008953A8 /* MoneyCell3.swift */ = {isa = PBXFileReference; fileEncoding = 4; lastKnownFileType = sourcecode.swift; path = MoneyCell3.swift; sourceTree = "<group>"; };
		CEF3EBBE1F305FE4008953A8 /* MoneyCell4.swift */ = {isa = PBXFileReference; fileEncoding = 4; lastKnownFileType = sourcecode.swift; path = MoneyCell4.swift; sourceTree = "<group>"; };
		CEFC21FF1F64A82900CC4FC1 /* User.swift */ = {isa = PBXFileReference; fileEncoding = 4; lastKnownFileType = sourcecode.swift; path = User.swift; sourceTree = "<group>"; };
		DC50B92E978A56DFC5AEAE2F /* Pods-ToDo App.debug.xcconfig */ = {isa = PBXFileReference; includeInIndex = 1; lastKnownFileType = text.xcconfig; name = "Pods-ToDo App.debug.xcconfig"; path = "Pods/Target Support Files/Pods-ToDo App/Pods-ToDo App.debug.xcconfig"; sourceTree = "<group>"; };
/* End PBXFileReference section */

/* Begin PBXFrameworksBuildPhase section */
		89FB67511D5C82AB002B2484 /* Frameworks */ = {
			isa = PBXFrameworksBuildPhase;
			buildActionMask = 2147483647;
			files = (
				46F89D2A8F548D55488C0765 /* Pods_ToDo_App.framework in Frameworks */,
			);
			runOnlyForDeploymentPostprocessing = 0;
		};
/* End PBXFrameworksBuildPhase section */

/* Begin PBXGroup section */
		328E13F2F7272BD62CDD1B82 /* Frameworks */ = {
			isa = PBXGroup;
			children = (
				17FBA854F90BAC963AFBF2FF /* Pods_ToDo_App.framework */,
			);
			name = Frameworks;
			sourceTree = "<group>";
		};
		89FB674B1D5C82AB002B2484 = {
			isa = PBXGroup;
			children = (
				89FB67561D5C82AB002B2484 /* ToDo App */,
				89FB67551D5C82AB002B2484 /* Products */,
				DB9D2389DB4710644994D7D8 /* Pods */,
				328E13F2F7272BD62CDD1B82 /* Frameworks */,
				CE1CB50C1F01AD9E009A8DAC /* arista_2_0 */,
				CE1CB5211F0214BB009A8DAC /* Sample Data & Images */,
			);
			sourceTree = "<group>";
		};
		89FB67551D5C82AB002B2484 /* Products */ = {
			isa = PBXGroup;
			children = (
				89FB67541D5C82AB002B2484 /* ToDo App.app */,
			);
			name = Products;
			sourceTree = "<group>";
		};
		89FB67561D5C82AB002B2484 /* ToDo App */ = {
			isa = PBXGroup;
			children = (
				89FB67571D5C82AB002B2484 /* AppDelegate.swift */,
				CE18C4D11F64E14F00C748BC /* MaxLengthTextField.swift */,
				CEFC21FF1F64A82900CC4FC1 /* User.swift */,
				CEA2BC481F71C3900020D958 /* JobsAndHabits.swift */,
				CE8FFA011F10AE92004A53BE /* GlobalVariables.swift */,
				CEDBFE2C1F2AE41900829DE4 /* Storyboards */,
				CEFC21FD1F64A65800CC4FC1 /* Login */,
				CEE4D6A91F0F44AB009BAE6C /* Step1 */,
				CEE4D6A51F0F4460009BAE6C /* Step2 */,
				CEE4D6A61F0F446A009BAE6C /* Step3 */,
				CEE4D6A81F0F447D009BAE6C /* Step4 */,
				CEE4D6AA1F0F44BE009BAE6C /* Step5 */,
				CEB4CD2B1F1ECDC700F9733F /* Home */,
				CE4832B71F27E9A0005A7A55 /* Users */,
				CEFC21FE1F64A79B00CC4FC1 /* OLD */,
				89FB67631D5C82AB002B2484 /* Info.plist */,
				CEB2FD531EFF4DB300763862 /* GoogleService-Info.plist */,
				89FB675E1D5C82AB002B2484 /* Assets.xcassets */,
			);
			path = "ToDo App";
			sourceTree = "<group>";
		};
		CE1CB50C1F01AD9E009A8DAC /* arista_2_0 */ = {
			isa = PBXGroup;
			children = (
				CE1CB50D1F01AD9E009A8DAC /* Arista2.0 Alternate light.ttf */,
				CE1CB50E1F01AD9E009A8DAC /* Arista2.0 light.ttf */,
				CE1CB50F1F01AD9E009A8DAC /* Arista2.0.ttf */,
				CE1CB5101F01AD9E009A8DAC /* Arista2.0_fat.ttf */,
				CE1CB5111F01AD9E009A8DAC /* Arista2.0Alternate.ttf */,
				CE1CB5121F01AD9E009A8DAC /* Arista2.0Alternate_full.ttf */,
			);
			path = arista_2_0;
			sourceTree = "<group>";
		};
		CE1CB5211F0214BB009A8DAC /* Sample Data & Images */ = {
			isa = PBXGroup;
			children = (
				CE1CB5221F0214BB009A8DAC /* Aiden.jpg */,
				CE1CB5231F0214BB009A8DAC /* Dad.jpg */,
				CE1CB5241F0214BB009A8DAC /* Mom.jpg */,
				CE1CB5251F0214BB009A8DAC /* Savannah.jpg */,
				CE1CB5261F0214BB009A8DAC /* Sophie.jpg */,
			);
			path = "Sample Data & Images";
			sourceTree = "<group>";
		};
		CE4832B71F27E9A0005A7A55 /* Users */ = {
			isa = PBXGroup;
			children = (
				CE4832C01F280216005A7A55 /* UserNavController.swift */,
				CEB4CD291F1ECD9100F9733F /* UserVC.swift */,
				CEAD053D1F2209A60097CD33 /* UserCell.swift */,
				CE7FF98E1F34124F000AD071 /* FeeVC.swift */,
				CE7FF98C1F340E6A000AD071 /* WithdrawalVC.swift */,
				CE9443B91F29839F00ACC7D4 /* MoneyNavController.swift */,
				CE9443BD1F29847F00ACC7D4 /* MoneyVC.swift */,
				CEE2631B1F2D25BA007AB77E /* MoneyCell1.swift */,
				CEF3EBBA1F302CF0008953A8 /* MoneyCell2.swift */,
				CEF3EBBC1F305A45008953A8 /* MoneyCell3.swift */,
				CEF3EBBE1F305FE4008953A8 /* MoneyCell4.swift */,
				CE9443B71F29804200ACC7D4 /* SpendingNavController.swift */,
				CEAAF9DD1F35A41C00846DD5 /* SpendingVC.swift */,
				CEB5241A1F5A79AC00CD8491 /* Reports */,
				CE9443B51F297F5C00ACC7D4 /* UserSettingsNavController.swift */,
				CE7FF9901F3448C9000AD071 /* UserSettingsVC.swift */,
			);
			name = Users;
			sourceTree = "<group>";
		};
		CE951E3F1F4B5D24003B5EEF /* Payday */ = {
			isa = PBXGroup;
			children = (
				CE951E401F4B5D54003B5EEF /* PaydayDetailVC.swift */,
				CE951E421F4B622D003B5EEF /* PaydayDetailCellA1.swift */,
				CE951E441F4B6243003B5EEF /* PaydayDetailCellA2.swift */,
				CE951E461F4B7C3C003B5EEF /* PaydayDetailCellB1.swift */,
				CE951E481F4B7C4C003B5EEF /* PaydayDetailCellB2.swift */,
				CE951E4A1F4B7C57003B5EEF /* PaydayDetailCellC1.swift */,
				CE951E4C1F4B7C63003B5EEF /* PaydayDetailCellC2.swift */,
			);
			name = Payday;
			sourceTree = "<group>";
		};
		CEB4CD2B1F1ECDC700F9733F /* Home */ = {
			isa = PBXGroup;
			children = (
				CE4832B81F27FB11005A7A55 /* HomeNavController.swift */,
				CE1B477C1F185025007C7515 /* HomeVC.swift */,
				CE1B477E1F186E99007C7515 /* HomeCustomCell.swift */,
				CE4832BA1F27FCA0005A7A55 /* PaydayNavController.swift */,
				CEAAF9DB1F356F2400846DD5 /* PaydayVC.swift */,
				CEAAF9D91F356D3800846DD5 /* PaydayCell.swift */,
				CE951E3F1F4B5D24003B5EEF /* Payday */,
				CE4832C21F281154005A7A55 /* JobJarNavController.swift */,
				CE4832C41F28116B005A7A55 /* JobJarVC.swift */,
				CE4832BC1F28005A005A7A55 /* VideosNavController.swift */,
				CE79B8931F233F290032DD70 /* VideosVC.swift */,
				CE2CCBDA1F26DE1C00ACA17F /* VideosCell.swift */,
				CE2CCBFF1F27136C00ACA17F /* VideoPlaybackVC.swift */,
				CE4832BE1F2800A5005A7A55 /* SettingsNavController.swift */,
				CE1B47801F1885B0007C7515 /* SettingsVC.swift */,
			);
			name = Home;
			sourceTree = "<group>";
		};
		CEB5241A1F5A79AC00CD8491 /* Reports */ = {
			isa = PBXGroup;
			children = (
				CE4832CA1F286843005A7A55 /* ReportsNavController.swift */,
				CE4832C81F28611B005A7A55 /* ReportsVC.swift */,
				CE9443BB1F29842000ACC7D4 /* ReportsPointsVC.swift */,
				CEDBFE2D1F2AE4C800829DE4 /* ReportsPointsCell.swift */,
				CE3CA84E1F32B97C0069129B /* ReportsSpendingVC.swift */,
				CEB524141F5A13DC00CD8491 /* ReportsBudgetVC.swift */,
				CEB7D1671F5A86D3006D9763 /* ReportsBudgetCell1.swift */,
				CEB524181F5A6F1F00CD8491 /* ReportsBudgetCell2.swift */,
				CEB32C681F2C09DB0069D8B0 /* ReportsCBVC.swift */,
				CEB32C6A1F2C49D10069D8B0 /* ReportsCBCell.swift */,
			);
			name = Reports;
			sourceTree = "<group>";
		};
		CEDBFE2C1F2AE41900829DE4 /* Storyboards */ = {
			isa = PBXGroup;
			children = (
				89FB675B1D5C82AB002B2484 /* Setup.storyboard */,
				CE0E19711F168B3900DEDBDE /* Home.storyboard */,
				CE4832B41F27E27B005A7A55 /* User.storyboard */,
				89FB67601D5C82AB002B2484 /* LaunchScreen.storyboard */,
			);
			name = Storyboards;
			sourceTree = "<group>";
		};
		CEE4D6A51F0F4460009BAE6C /* Step2 */ = {
			isa = PBXGroup;
			children = (
				CE1CB51F1F02117F009A8DAC /* Step2VC.swift */,
				CE1CB52C1F0215EA009A8DAC /* Step2Cell.swift */,
				CE1CB5191F01AF48009A8DAC /* Step2UsersVC.swift */,
			);
			name = Step2;
			sourceTree = "<group>";
		};
		CEE4D6A61F0F446A009BAE6C /* Step3 */ = {
			isa = PBXGroup;
			children = (
				CEF1A4921F022F3F00C010F9 /* Step3VC.swift */,
				CEF1A4941F02472700C010F9 /* Step3CustomCell.swift */,
				CE6996631F70C05900E8668C /* Step3AddJobVC.swift */,
			);
			name = Step3;
			sourceTree = "<group>";
		};
		CEE4D6A81F0F447D009BAE6C /* Step4 */ = {
			isa = PBXGroup;
			children = (
				CED509E11F030F560058728F /* Step4ViewController.swift */,
				CED509E31F0310740058728F /* Step4CustomCell.swift */,
				CE7160F81F04A2A10045AA05 /* Step4HabitViewController.swift */,
				CE7160FA1F04A9270045AA05 /* Step4HabitCustomCell.swift */,
				CE39D9271F05A3CE00159EC1 /* Step4ParentsVC.swift */,
				CE39D9291F05A42C00159EC1 /* Step4ParentCustomCell.swift */,
				CE5579661F05E15C006FE40B /* Step4ParentHabitVC.swift */,
				CE5579681F05E44B006FE40B /* Step4ParentHabitCell.swift */,
				CE55796C1F06134F006FE40B /* ChoreSummaryVC.swift */,
				CE55796E1F0633B3006FE40B /* ChoreSummaryCell.swift */,
			);
			name = Step4;
			sourceTree = "<group>";
		};
		CEE4D6A91F0F44AB009BAE6C /* Step1 */ = {
			isa = PBXGroup;
			children = (
				CEB4CD2C1F1ED77400F9733F /* SetupNavController.swift */,
				CE1CB50A1F01AD10009A8DAC /* Step1VC.swift */,
			);
			name = Step1;
			sourceTree = "<group>";
		};
		CEE4D6AA1F0F44BE009BAE6C /* Step5 */ = {
			isa = PBXGroup;
			children = (
				CE24A4371F07121D00A03FA2 /* Step5VC.swift */,
				CE99F07D1F0AB53D007E01E7 /* Step5IncomeSummaryVC.swift */,
				CE99F0A71F0B6B5D007E01E7 /* Step5ExpensesVC.swift */,
				CEE4D6A31F0F4433009BAE6C /* Step5ExpensesInputVC.swift */,
				CEE4D6AB1F0F70EC009BAE6C /* Step5HeaderCell.swift */,
				CE8FF9FD1F0F7D88004A53BE /* Step5ExpensesCell.swift */,
				CE8FF9FF1F109FC2004A53BE /* Step5ExpenseDetailVC.swift */,
				CEEBB33F1F202D900046E3FE /* SetupCompleteVC.swift */,
			);
			name = Step5;
			sourceTree = "<group>";
		};
		CEFC21FD1F64A65800CC4FC1 /* Login */ = {
			isa = PBXGroup;
			children = (
				89FB67691D5C82F5002B2484 /* LoginViewController.swift */,
				89FB676B1D5C837D002B2484 /* SignUpViewController.swift */,
			);
			name = Login;
			sourceTree = "<group>";
		};
		CEFC21FE1F64A79B00CC4FC1 /* OLD */ = {
			isa = PBXGroup;
			children = (
				0EEB60791ED918BB005B2813 /* Item.swift */,
				89FB676D1D5C8411002B2484 /* ItemsTableViewController.swift */,
			);
			name = OLD;
			sourceTree = "<group>";
		};
		DB9D2389DB4710644994D7D8 /* Pods */ = {
			isa = PBXGroup;
			children = (
				DC50B92E978A56DFC5AEAE2F /* Pods-ToDo App.debug.xcconfig */,
				5F95373CF9BA0303AD815BBD /* Pods-ToDo App.release.xcconfig */,
			);
			name = Pods;
			sourceTree = "<group>";
		};
/* End PBXGroup section */

/* Begin PBXNativeTarget section */
		89FB67531D5C82AB002B2484 /* ToDo App */ = {
			isa = PBXNativeTarget;
			buildConfigurationList = 89FB67661D5C82AB002B2484 /* Build configuration list for PBXNativeTarget "ToDo App" */;
			buildPhases = (
				57CB7805947E88CD6A272ACE /* [CP] Check Pods Manifest.lock */,
				89FB67501D5C82AB002B2484 /* Sources */,
				89FB67511D5C82AB002B2484 /* Frameworks */,
				89FB67521D5C82AB002B2484 /* Resources */,
				38AA2E23343D27939E56A54C /* [CP] Embed Pods Frameworks */,
				6A3E5CF6489A066165569B81 /* [CP] Copy Pods Resources */,
			);
			buildRules = (
			);
			dependencies = (
			);
			name = "ToDo App";
			productName = "ToDo App";
			productReference = 89FB67541D5C82AB002B2484 /* ToDo App.app */;
			productType = "com.apple.product-type.application";
		};
/* End PBXNativeTarget section */

/* Begin PBXProject section */
		89FB674C1D5C82AB002B2484 /* Project object */ = {
			isa = PBXProject;
			attributes = {
				LastSwiftUpdateCheck = 0730;
				LastUpgradeCheck = 0800;
				ORGANIZATIONNAME = "Rumble Productions, Inc.";
				TargetAttributes = {
					89FB67531D5C82AB002B2484 = {
						CreatedOnToolsVersion = 7.3.1;
						DevelopmentTeam = EQDNEEHN2G;
						LastSwiftMigration = 0800;
					};
				};
			};
			buildConfigurationList = 89FB674F1D5C82AB002B2484 /* Build configuration list for PBXProject "ToDo App" */;
			compatibilityVersion = "Xcode 3.2";
			developmentRegion = English;
			hasScannedForEncodings = 0;
			knownRegions = (
				en,
				Base,
			);
			mainGroup = 89FB674B1D5C82AB002B2484;
			productRefGroup = 89FB67551D5C82AB002B2484 /* Products */;
			projectDirPath = "";
			projectRoot = "";
			targets = (
				89FB67531D5C82AB002B2484 /* ToDo App */,
			);
		};
/* End PBXProject section */

/* Begin PBXResourcesBuildPhase section */
		89FB67521D5C82AB002B2484 /* Resources */ = {
			isa = PBXResourcesBuildPhase;
			buildActionMask = 2147483647;
			files = (
				89FB67621D5C82AB002B2484 /* LaunchScreen.storyboard in Resources */,
				CE1CB52A1F0214BB009A8DAC /* Savannah.jpg in Resources */,
				CE1CB5141F01AD9E009A8DAC /* Arista2.0 light.ttf in Resources */,
				CE4832B61F27E27B005A7A55 /* User.storyboard in Resources */,
				CE1CB5271F0214BB009A8DAC /* Aiden.jpg in Resources */,
				CE1CB52B1F0214BB009A8DAC /* Sophie.jpg in Resources */,
				CE1CB5281F0214BB009A8DAC /* Dad.jpg in Resources */,
				CEB2FD541EFF4DB300763862 /* GoogleService-Info.plist in Resources */,
				CE1CB5291F0214BB009A8DAC /* Mom.jpg in Resources */,
				CE1CB5161F01AD9E009A8DAC /* Arista2.0_fat.ttf in Resources */,
				CE1CB5151F01AD9E009A8DAC /* Arista2.0.ttf in Resources */,
				CE1CB5131F01AD9E009A8DAC /* Arista2.0 Alternate light.ttf in Resources */,
				89FB675F1D5C82AB002B2484 /* Assets.xcassets in Resources */,
				CE1CB5181F01AD9E009A8DAC /* Arista2.0Alternate_full.ttf in Resources */,
				89FB675D1D5C82AB002B2484 /* Setup.storyboard in Resources */,
				CE1CB5171F01AD9E009A8DAC /* Arista2.0Alternate.ttf in Resources */,
				CE0E19731F168B3900DEDBDE /* Home.storyboard in Resources */,
			);
			runOnlyForDeploymentPostprocessing = 0;
		};
/* End PBXResourcesBuildPhase section */

/* Begin PBXShellScriptBuildPhase section */
		38AA2E23343D27939E56A54C /* [CP] Embed Pods Frameworks */ = {
			isa = PBXShellScriptBuildPhase;
			buildActionMask = 2147483647;
			files = (
			);
			inputPaths = (
			);
			name = "[CP] Embed Pods Frameworks";
			outputPaths = (
			);
			runOnlyForDeploymentPostprocessing = 0;
			shellPath = /bin/sh;
			shellScript = "\"${SRCROOT}/Pods/Target Support Files/Pods-ToDo App/Pods-ToDo App-frameworks.sh\"\n";
			showEnvVarsInLog = 0;
		};
		57CB7805947E88CD6A272ACE /* [CP] Check Pods Manifest.lock */ = {
			isa = PBXShellScriptBuildPhase;
			buildActionMask = 2147483647;
			files = (
			);
			inputPaths = (
			);
			name = "[CP] Check Pods Manifest.lock";
			outputPaths = (
			);
			runOnlyForDeploymentPostprocessing = 0;
			shellPath = /bin/sh;
			shellScript = "diff \"${PODS_PODFILE_DIR_PATH}/Podfile.lock\" \"${PODS_ROOT}/Manifest.lock\" > /dev/null\nif [ $? != 0 ] ; then\n    # print error to STDERR\n    echo \"error: The sandbox is not in sync with the Podfile.lock. Run 'pod install' or update your CocoaPods installation.\" >&2\n    exit 1\nfi\n";
			showEnvVarsInLog = 0;
		};
		6A3E5CF6489A066165569B81 /* [CP] Copy Pods Resources */ = {
			isa = PBXShellScriptBuildPhase;
			buildActionMask = 2147483647;
			files = (
			);
			inputPaths = (
			);
			name = "[CP] Copy Pods Resources";
			outputPaths = (
			);
			runOnlyForDeploymentPostprocessing = 0;
			shellPath = /bin/sh;
			shellScript = "\"${SRCROOT}/Pods/Target Support Files/Pods-ToDo App/Pods-ToDo App-resources.sh\"\n";
			showEnvVarsInLog = 0;
		};
/* End PBXShellScriptBuildPhase section */

/* Begin PBXSourcesBuildPhase section */
		89FB67501D5C82AB002B2484 /* Sources */ = {
			isa = PBXSourcesBuildPhase;
			buildActionMask = 2147483647;
			files = (
				CE5579671F05E15C006FE40B /* Step4ParentHabitVC.swift in Sources */,
				CE4832BF1F2800A5005A7A55 /* SettingsNavController.swift in Sources */,
				CE7160F91F04A2A10045AA05 /* Step4HabitViewController.swift in Sources */,
				CE4832CB1F286843005A7A55 /* ReportsNavController.swift in Sources */,
				CEB524151F5A13DC00CD8491 /* ReportsBudgetVC.swift in Sources */,
				CEF3EBBB1F302CF0008953A8 /* MoneyCell2.swift in Sources */,
				CE8FF9FE1F0F7D88004A53BE /* Step5ExpensesCell.swift in Sources */,
				CE4832BD1F28005A005A7A55 /* VideosNavController.swift in Sources */,
				CE55796D1F06134F006FE40B /* ChoreSummaryVC.swift in Sources */,
				CEF1A4931F022F3F00C010F9 /* Step3VC.swift in Sources */,
				CE8FFA001F109FC2004A53BE /* Step5ExpenseDetailVC.swift in Sources */,
				0EEB607A1ED918BB005B2813 /* Item.swift in Sources */,
				89FB676C1D5C837D002B2484 /* SignUpViewController.swift in Sources */,
				CE7160FB1F04A9270045AA05 /* Step4HabitCustomCell.swift in Sources */,
				CE4832BB1F27FCA0005A7A55 /* PaydayNavController.swift in Sources */,
				CE39D9281F05A3CE00159EC1 /* Step4ParentsVC.swift in Sources */,
				CEB524191F5A6F1F00CD8491 /* ReportsBudgetCell2.swift in Sources */,
				CE9443BA1F29839F00ACC7D4 /* MoneyNavController.swift in Sources */,
				CE7FF9911F3448C9000AD071 /* UserSettingsVC.swift in Sources */,
				CE9443B81F29804200ACC7D4 /* SpendingNavController.swift in Sources */,
				CEAD053E1F2209A60097CD33 /* UserCell.swift in Sources */,
				CEA2BC491F71C3900020D958 /* JobsAndHabits.swift in Sources */,
				CEB4CD2A1F1ECD9100F9733F /* UserVC.swift in Sources */,
				CE1CB52D1F0215EA009A8DAC /* Step2Cell.swift in Sources */,
				CE7FF98D1F340E6A000AD071 /* WithdrawalVC.swift in Sources */,
				CE951E4B1F4B7C57003B5EEF /* PaydayDetailCellC1.swift in Sources */,
				CE9443BC1F29842000ACC7D4 /* ReportsPointsVC.swift in Sources */,
				CE6996641F70C05900E8668C /* Step3AddJobVC.swift in Sources */,
				CEFC22001F64A82900CC4FC1 /* User.swift in Sources */,
				CEB32C691F2C09DC0069D8B0 /* ReportsCBVC.swift in Sources */,
				CE1B47811F1885B0007C7515 /* SettingsVC.swift in Sources */,
				89FB676A1D5C82F5002B2484 /* LoginViewController.swift in Sources */,
				CE1CB51A1F01AF48009A8DAC /* Step2UsersVC.swift in Sources */,
				CEF3EBBD1F305A45008953A8 /* MoneyCell3.swift in Sources */,
				CEB32C6B1F2C49D10069D8B0 /* ReportsCBCell.swift in Sources */,
				CEB4CD2D1F1ED77400F9733F /* SetupNavController.swift in Sources */,
				CEB7D1681F5A86D3006D9763 /* ReportsBudgetCell1.swift in Sources */,
				CE5579691F05E44B006FE40B /* Step4ParentHabitCell.swift in Sources */,
				CE951E411F4B5D54003B5EEF /* PaydayDetailVC.swift in Sources */,
				CEF1A4951F02472700C010F9 /* Step3CustomCell.swift in Sources */,
				CE951E491F4B7C4C003B5EEF /* PaydayDetailCellB2.swift in Sources */,
				CE951E471F4B7C3C003B5EEF /* PaydayDetailCellB1.swift in Sources */,
				CE1B477D1F185025007C7515 /* HomeVC.swift in Sources */,
				CE39D92A1F05A42C00159EC1 /* Step4ParentCustomCell.swift in Sources */,
				CEEBB3401F202D900046E3FE /* SetupCompleteVC.swift in Sources */,
				CEE4D6AC1F0F70EC009BAE6C /* Step5HeaderCell.swift in Sources */,
				CE1CB5201F02117F009A8DAC /* Step2VC.swift in Sources */,
				CEAAF9DC1F356F2400846DD5 /* PaydayVC.swift in Sources */,
				CE2CCC001F27136C00ACA17F /* VideoPlaybackVC.swift in Sources */,
				CE951E4D1F4B7C63003B5EEF /* PaydayDetailCellC2.swift in Sources */,
				CE7FF98F1F34124F000AD071 /* FeeVC.swift in Sources */,
				CE1B477F1F186E99007C7515 /* HomeCustomCell.swift in Sources */,
				89FB676E1D5C8411002B2484 /* ItemsTableViewController.swift in Sources */,
				CEAAF9DA1F356D3800846DD5 /* PaydayCell.swift in Sources */,
				CE99F07E1F0AB53D007E01E7 /* Step5IncomeSummaryVC.swift in Sources */,
				CE55796F1F0633B3006FE40B /* ChoreSummaryCell.swift in Sources */,
				CEE2631C1F2D25BA007AB77E /* MoneyCell1.swift in Sources */,
				CE9443BE1F29847F00ACC7D4 /* MoneyVC.swift in Sources */,
				CED509E41F0310740058728F /* Step4CustomCell.swift in Sources */,
				CE9443B61F297F5C00ACC7D4 /* UserSettingsNavController.swift in Sources */,
				CE4832B91F27FB11005A7A55 /* HomeNavController.swift in Sources */,
				CE4832C11F280216005A7A55 /* UserNavController.swift in Sources */,
				CEE4D6A41F0F4433009BAE6C /* Step5ExpensesInputVC.swift in Sources */,
				CEAAF9DE1F35A41C00846DD5 /* SpendingVC.swift in Sources */,
				CE99F0A81F0B6B5D007E01E7 /* Step5ExpensesVC.swift in Sources */,
				CE24A4381F07121D00A03FA2 /* Step5VC.swift in Sources */,
				CE2CCBDB1F26DE1C00ACA17F /* VideosCell.swift in Sources */,
				CE1CB50B1F01AD10009A8DAC /* Step1VC.swift in Sources */,
				CE951E431F4B622D003B5EEF /* PaydayDetailCellA1.swift in Sources */,
				89FB67581D5C82AB002B2484 /* AppDelegate.swift in Sources */,
				CE18C4D21F64E14F00C748BC /* MaxLengthTextField.swift in Sources */,
				CE4832C31F281154005A7A55 /* JobJarNavController.swift in Sources */,
				CE4832C51F28116B005A7A55 /* JobJarVC.swift in Sources */,
				CE4832C91F28611B005A7A55 /* ReportsVC.swift in Sources */,
				CE3CA84F1F32B97C0069129B /* ReportsSpendingVC.swift in Sources */,
				CED509E21F030F560058728F /* Step4ViewController.swift in Sources */,
				CEF3EBBF1F305FE4008953A8 /* MoneyCell4.swift in Sources */,
				CE79B8941F233F290032DD70 /* VideosVC.swift in Sources */,
				CEDBFE2E1F2AE4C800829DE4 /* ReportsPointsCell.swift in Sources */,
				CE8FFA021F10AE92004A53BE /* GlobalVariables.swift in Sources */,
				CE951E451F4B6243003B5EEF /* PaydayDetailCellA2.swift in Sources */,
			);
			runOnlyForDeploymentPostprocessing = 0;
		};
/* End PBXSourcesBuildPhase section */

/* Begin PBXVariantGroup section */
		89FB675B1D5C82AB002B2484 /* Setup.storyboard */ = {
			isa = PBXVariantGroup;
			children = (
				89FB675C1D5C82AB002B2484 /* Base */,
			);
			name = Setup.storyboard;
			sourceTree = "<group>";
		};
		89FB67601D5C82AB002B2484 /* LaunchScreen.storyboard */ = {
			isa = PBXVariantGroup;
			children = (
				89FB67611D5C82AB002B2484 /* Base */,
			);
			name = LaunchScreen.storyboard;
			sourceTree = "<group>";
		};
		CE0E19711F168B3900DEDBDE /* Home.storyboard */ = {
			isa = PBXVariantGroup;
			children = (
				CE0E19721F168B3900DEDBDE /* Base */,
			);
			name = Home.storyboard;
			sourceTree = "<group>";
		};
		CE4832B41F27E27B005A7A55 /* User.storyboard */ = {
			isa = PBXVariantGroup;
			children = (
				CE4832B51F27E27B005A7A55 /* Base */,
			);
			name = User.storyboard;
			sourceTree = "<group>";
		};
/* End PBXVariantGroup section */

/* Begin XCBuildConfiguration section */
		89FB67641D5C82AB002B2484 /* Debug */ = {
			isa = XCBuildConfiguration;
			buildSettings = {
				ALWAYS_SEARCH_USER_PATHS = NO;
				CLANG_ANALYZER_NONNULL = YES;
				CLANG_CXX_LANGUAGE_STANDARD = "gnu++0x";
				CLANG_CXX_LIBRARY = "libc++";
				CLANG_ENABLE_MODULES = YES;
				CLANG_ENABLE_OBJC_ARC = YES;
				CLANG_WARN_BOOL_CONVERSION = YES;
				CLANG_WARN_CONSTANT_CONVERSION = YES;
				CLANG_WARN_DIRECT_OBJC_ISA_USAGE = YES_ERROR;
				CLANG_WARN_EMPTY_BODY = YES;
				CLANG_WARN_ENUM_CONVERSION = YES;
				CLANG_WARN_INFINITE_RECURSION = YES;
				CLANG_WARN_INT_CONVERSION = YES;
				CLANG_WARN_OBJC_ROOT_CLASS = YES_ERROR;
				CLANG_WARN_SUSPICIOUS_MOVE = YES;
				CLANG_WARN_UNREACHABLE_CODE = YES;
				CLANG_WARN__DUPLICATE_METHOD_MATCH = YES;
				"CODE_SIGN_IDENTITY[sdk=iphoneos*]" = "iPhone Developer";
				COPY_PHASE_STRIP = NO;
				DEBUG_INFORMATION_FORMAT = dwarf;
				ENABLE_STRICT_OBJC_MSGSEND = YES;
				ENABLE_TESTABILITY = YES;
				GCC_C_LANGUAGE_STANDARD = gnu99;
				GCC_DYNAMIC_NO_PIC = NO;
				GCC_NO_COMMON_BLOCKS = YES;
				GCC_OPTIMIZATION_LEVEL = 0;
				GCC_PREPROCESSOR_DEFINITIONS = (
					"DEBUG=1",
					"$(inherited)",
				);
				GCC_WARN_64_TO_32_BIT_CONVERSION = YES;
				GCC_WARN_ABOUT_RETURN_TYPE = YES_ERROR;
				GCC_WARN_UNDECLARED_SELECTOR = YES;
				GCC_WARN_UNINITIALIZED_AUTOS = YES_AGGRESSIVE;
				GCC_WARN_UNUSED_FUNCTION = YES;
				GCC_WARN_UNUSED_VARIABLE = YES;
				IPHONEOS_DEPLOYMENT_TARGET = 9.3;
				MTL_ENABLE_DEBUG_INFO = YES;
				ONLY_ACTIVE_ARCH = YES;
				SDKROOT = iphoneos;
				SWIFT_OPTIMIZATION_LEVEL = "-Onone";
				TARGETED_DEVICE_FAMILY = "1,2";
			};
			name = Debug;
		};
		89FB67651D5C82AB002B2484 /* Release */ = {
			isa = XCBuildConfiguration;
			buildSettings = {
				ALWAYS_SEARCH_USER_PATHS = NO;
				CLANG_ANALYZER_NONNULL = YES;
				CLANG_CXX_LANGUAGE_STANDARD = "gnu++0x";
				CLANG_CXX_LIBRARY = "libc++";
				CLANG_ENABLE_MODULES = YES;
				CLANG_ENABLE_OBJC_ARC = YES;
				CLANG_WARN_BOOL_CONVERSION = YES;
				CLANG_WARN_CONSTANT_CONVERSION = YES;
				CLANG_WARN_DIRECT_OBJC_ISA_USAGE = YES_ERROR;
				CLANG_WARN_EMPTY_BODY = YES;
				CLANG_WARN_ENUM_CONVERSION = YES;
				CLANG_WARN_INFINITE_RECURSION = YES;
				CLANG_WARN_INT_CONVERSION = YES;
				CLANG_WARN_OBJC_ROOT_CLASS = YES_ERROR;
				CLANG_WARN_SUSPICIOUS_MOVE = YES;
				CLANG_WARN_UNREACHABLE_CODE = YES;
				CLANG_WARN__DUPLICATE_METHOD_MATCH = YES;
				"CODE_SIGN_IDENTITY[sdk=iphoneos*]" = "iPhone Developer";
				COPY_PHASE_STRIP = NO;
				DEBUG_INFORMATION_FORMAT = "dwarf-with-dsym";
				ENABLE_NS_ASSERTIONS = NO;
				ENABLE_STRICT_OBJC_MSGSEND = YES;
				GCC_C_LANGUAGE_STANDARD = gnu99;
				GCC_NO_COMMON_BLOCKS = YES;
				GCC_WARN_64_TO_32_BIT_CONVERSION = YES;
				GCC_WARN_ABOUT_RETURN_TYPE = YES_ERROR;
				GCC_WARN_UNDECLARED_SELECTOR = YES;
				GCC_WARN_UNINITIALIZED_AUTOS = YES_AGGRESSIVE;
				GCC_WARN_UNUSED_FUNCTION = YES;
				GCC_WARN_UNUSED_VARIABLE = YES;
				IPHONEOS_DEPLOYMENT_TARGET = 9.3;
				MTL_ENABLE_DEBUG_INFO = NO;
				SDKROOT = iphoneos;
				SWIFT_OPTIMIZATION_LEVEL = "-Owholemodule";
				TARGETED_DEVICE_FAMILY = "1,2";
				VALIDATE_PRODUCT = YES;
			};
			name = Release;
		};
		89FB67671D5C82AB002B2484 /* Debug */ = {
			isa = XCBuildConfiguration;
			baseConfigurationReference = DC50B92E978A56DFC5AEAE2F /* Pods-ToDo App.debug.xcconfig */;
			buildSettings = {
				ASSETCATALOG_COMPILER_APPICON_NAME = AppIcon;
				DEVELOPMENT_TEAM = EQDNEEHN2G;
				INFOPLIST_FILE = "ToDo App/Info.plist";
				IPHONEOS_DEPLOYMENT_TARGET = 10.0;
				LD_RUNPATH_SEARCH_PATHS = "$(inherited) @executable_path/Frameworks";
				PRODUCT_BUNDLE_IDENTIFIER = "com.moneypantssolution.The-Moneypants-Solution";
				PRODUCT_NAME = "$(TARGET_NAME)";
				SWIFT_VERSION = 3.0;
			};
			name = Debug;
		};
		89FB67681D5C82AB002B2484 /* Release */ = {
			isa = XCBuildConfiguration;
			baseConfigurationReference = 5F95373CF9BA0303AD815BBD /* Pods-ToDo App.release.xcconfig */;
			buildSettings = {
				ASSETCATALOG_COMPILER_APPICON_NAME = AppIcon;
				DEVELOPMENT_TEAM = EQDNEEHN2G;
				INFOPLIST_FILE = "ToDo App/Info.plist";
				IPHONEOS_DEPLOYMENT_TARGET = 10.0;
				LD_RUNPATH_SEARCH_PATHS = "$(inherited) @executable_path/Frameworks";
				PRODUCT_BUNDLE_IDENTIFIER = "com.moneypantssolution.The-Moneypants-Solution";
				PRODUCT_NAME = "$(TARGET_NAME)";
				SWIFT_VERSION = 3.0;
			};
			name = Release;
		};
/* End XCBuildConfiguration section */

/* Begin XCConfigurationList section */
		89FB674F1D5C82AB002B2484 /* Build configuration list for PBXProject "ToDo App" */ = {
			isa = XCConfigurationList;
			buildConfigurations = (
				89FB67641D5C82AB002B2484 /* Debug */,
				89FB67651D5C82AB002B2484 /* Release */,
			);
			defaultConfigurationIsVisible = 0;
			defaultConfigurationName = Release;
		};
		89FB67661D5C82AB002B2484 /* Build configuration list for PBXNativeTarget "ToDo App" */ = {
			isa = XCConfigurationList;
			buildConfigurations = (
				89FB67671D5C82AB002B2484 /* Debug */,
				89FB67681D5C82AB002B2484 /* Release */,
			);
			defaultConfigurationIsVisible = 0;
			defaultConfigurationName = Release;
		};
/* End XCConfigurationList section */
	};
	rootObject = 89FB674C1D5C82AB002B2484 /* Project object */;
}
