// !$*UTF8*$!
{
	archiveVersion = 1;
	classes = {
	};
	objectVersion = 46;
	objects = {

/* Begin PBXBuildFile section */
		89FB67581D5C82AB002B2484 /* AppDelegate.swift in Sources */ = {isa = PBXBuildFile; fileRef = 89FB67571D5C82AB002B2484 /* AppDelegate.swift */; };
		89FB675D1D5C82AB002B2484 /* Setup.storyboard in Resources */ = {isa = PBXBuildFile; fileRef = 89FB675B1D5C82AB002B2484 /* Setup.storyboard */; };
		89FB675F1D5C82AB002B2484 /* Assets.xcassets in Resources */ = {isa = PBXBuildFile; fileRef = 89FB675E1D5C82AB002B2484 /* Assets.xcassets */; };
		89FB67621D5C82AB002B2484 /* LaunchScreen.storyboard in Resources */ = {isa = PBXBuildFile; fileRef = 89FB67601D5C82AB002B2484 /* LaunchScreen.storyboard */; };
		89FB676A1D5C82F5002B2484 /* LoginVC.swift in Sources */ = {isa = PBXBuildFile; fileRef = 89FB67691D5C82F5002B2484 /* LoginVC.swift */; };
		89FB676C1D5C837D002B2484 /* SignUpVC.swift in Sources */ = {isa = PBXBuildFile; fileRef = 89FB676B1D5C837D002B2484 /* SignUpVC.swift */; };
		8A3302C76525106267CCDFE4 /* Pods_Moneypants.framework in Frameworks */ = {isa = PBXBuildFile; fileRef = E88C847AFD8F71A7775695E6 /* Pods_Moneypants.framework */; };
		CE0E19731F168B3900DEDBDE /* Home.storyboard in Resources */ = {isa = PBXBuildFile; fileRef = CE0E19711F168B3900DEDBDE /* Home.storyboard */; };
		CE18C4D21F64E14F00C748BC /* MaxLengthTextField.swift in Sources */ = {isa = PBXBuildFile; fileRef = CE18C4D11F64E14F00C748BC /* MaxLengthTextField.swift */; };
		CE1B477D1F185025007C7515 /* HomeVC.swift in Sources */ = {isa = PBXBuildFile; fileRef = CE1B477C1F185025007C7515 /* HomeVC.swift */; };
		CE1B477F1F186E99007C7515 /* HomeCustomCell.swift in Sources */ = {isa = PBXBuildFile; fileRef = CE1B477E1F186E99007C7515 /* HomeCustomCell.swift */; };
		CE1B47811F1885B0007C7515 /* SettingsVC.swift in Sources */ = {isa = PBXBuildFile; fileRef = CE1B47801F1885B0007C7515 /* SettingsVC.swift */; };
		CE1CB50B1F01AD10009A8DAC /* Step1VC.swift in Sources */ = {isa = PBXBuildFile; fileRef = CE1CB50A1F01AD10009A8DAC /* Step1VC.swift */; };
		CE1CB5131F01AD9E009A8DAC /* Arista2.0 Alternate light.ttf in Resources */ = {isa = PBXBuildFile; fileRef = CE1CB50D1F01AD9E009A8DAC /* Arista2.0 Alternate light.ttf */; };
		CE1CB5141F01AD9E009A8DAC /* Arista2.0 light.ttf in Resources */ = {isa = PBXBuildFile; fileRef = CE1CB50E1F01AD9E009A8DAC /* Arista2.0 light.ttf */; };
		CE1CB5151F01AD9E009A8DAC /* Arista2.0.ttf in Resources */ = {isa = PBXBuildFile; fileRef = CE1CB50F1F01AD9E009A8DAC /* Arista2.0.ttf */; };
		CE1CB5161F01AD9E009A8DAC /* Arista2.0_fat.ttf in Resources */ = {isa = PBXBuildFile; fileRef = CE1CB5101F01AD9E009A8DAC /* Arista2.0_fat.ttf */; };
		CE1CB5171F01AD9E009A8DAC /* Arista2.0Alternate.ttf in Resources */ = {isa = PBXBuildFile; fileRef = CE1CB5111F01AD9E009A8DAC /* Arista2.0Alternate.ttf */; };
		CE1CB5181F01AD9E009A8DAC /* Arista2.0Alternate_full.ttf in Resources */ = {isa = PBXBuildFile; fileRef = CE1CB5121F01AD9E009A8DAC /* Arista2.0Alternate_full.ttf */; };
		CE1CB51A1F01AF48009A8DAC /* Step2UsersVC.swift in Sources */ = {isa = PBXBuildFile; fileRef = CE1CB5191F01AF48009A8DAC /* Step2UsersVC.swift */; };
		CE1CB5201F02117F009A8DAC /* Step2VC.swift in Sources */ = {isa = PBXBuildFile; fileRef = CE1CB51F1F02117F009A8DAC /* Step2VC.swift */; };
		CE1CB5271F0214BB009A8DAC /* Aiden.jpg in Resources */ = {isa = PBXBuildFile; fileRef = CE1CB5221F0214BB009A8DAC /* Aiden.jpg */; };
		CE1CB5281F0214BB009A8DAC /* Dad.jpg in Resources */ = {isa = PBXBuildFile; fileRef = CE1CB5231F0214BB009A8DAC /* Dad.jpg */; };
		CE1CB5291F0214BB009A8DAC /* Mom.jpg in Resources */ = {isa = PBXBuildFile; fileRef = CE1CB5241F0214BB009A8DAC /* Mom.jpg */; };
		CE1CB52A1F0214BB009A8DAC /* Savannah.jpg in Resources */ = {isa = PBXBuildFile; fileRef = CE1CB5251F0214BB009A8DAC /* Savannah.jpg */; };
		CE1CB52B1F0214BB009A8DAC /* Sophie.jpg in Resources */ = {isa = PBXBuildFile; fileRef = CE1CB5261F0214BB009A8DAC /* Sophie.jpg */; };
		CE1CB52D1F0215EA009A8DAC /* Step2Cell.swift in Sources */ = {isa = PBXBuildFile; fileRef = CE1CB52C1F0215EA009A8DAC /* Step2Cell.swift */; };
		CE24A4381F07121D00A03FA2 /* Step8OutsideIncomeVC.swift in Sources */ = {isa = PBXBuildFile; fileRef = CE24A4371F07121D00A03FA2 /* Step8OutsideIncomeVC.swift */; };
		CE2CCBDB1F26DE1C00ACA17F /* VideosCell.swift in Sources */ = {isa = PBXBuildFile; fileRef = CE2CCBDA1F26DE1C00ACA17F /* VideosCell.swift */; };
		CE2CCC001F27136C00ACA17F /* VideoPlaybackVC.swift in Sources */ = {isa = PBXBuildFile; fileRef = CE2CCBFF1F27136C00ACA17F /* VideoPlaybackVC.swift */; };
		CE36A7361F75B7EE006CAB40 /* Step1PopupVC.swift in Sources */ = {isa = PBXBuildFile; fileRef = CE36A7351F75B7EE006CAB40 /* Step1PopupVC.swift */; };
		CE39F51F1F7D83730053E45D /* Step4PopupVC.swift in Sources */ = {isa = PBXBuildFile; fileRef = CE39F51E1F7D83730053E45D /* Step4PopupVC.swift */; };
		CE3CA84F1F32B97C0069129B /* ReportsSpendingVC.swift in Sources */ = {isa = PBXBuildFile; fileRef = CE3CA84E1F32B97C0069129B /* ReportsSpendingVC.swift */; };
		CE4627BD1FBD1845009A6749 /* UserProgressPopupVC.swift in Sources */ = {isa = PBXBuildFile; fileRef = CE4627BC1FBD1845009A6749 /* UserProgressPopupVC.swift */; };
		CE464E7E1FAC479800941021 /* Step10ExpensePopupVC.swift in Sources */ = {isa = PBXBuildFile; fileRef = CE464E7D1FAC479800941021 /* Step10ExpensePopupVC.swift */; };
		CE464E801FAC4C1C00941021 /* Step10ExpenseVideoVC.swift in Sources */ = {isa = PBXBuildFile; fileRef = CE464E7F1FAC4C1C00941021 /* Step10ExpenseVideoVC.swift */; };
		CE4832B61F27E27B005A7A55 /* User.storyboard in Resources */ = {isa = PBXBuildFile; fileRef = CE4832B41F27E27B005A7A55 /* User.storyboard */; };
		CE4832B91F27FB11005A7A55 /* HomeNavController.swift in Sources */ = {isa = PBXBuildFile; fileRef = CE4832B81F27FB11005A7A55 /* HomeNavController.swift */; };
		CE4832BB1F27FCA0005A7A55 /* PaydayNavController.swift in Sources */ = {isa = PBXBuildFile; fileRef = CE4832BA1F27FCA0005A7A55 /* PaydayNavController.swift */; };
		CE4832BD1F28005A005A7A55 /* VideosNavController.swift in Sources */ = {isa = PBXBuildFile; fileRef = CE4832BC1F28005A005A7A55 /* VideosNavController.swift */; };
		CE4832BF1F2800A5005A7A55 /* SettingsNavController.swift in Sources */ = {isa = PBXBuildFile; fileRef = CE4832BE1F2800A5005A7A55 /* SettingsNavController.swift */; };
		CE4832C11F280216005A7A55 /* UserNavController.swift in Sources */ = {isa = PBXBuildFile; fileRef = CE4832C01F280216005A7A55 /* UserNavController.swift */; };
		CE4832C31F281154005A7A55 /* JobJarNavController.swift in Sources */ = {isa = PBXBuildFile; fileRef = CE4832C21F281154005A7A55 /* JobJarNavController.swift */; };
		CE4832C51F28116B005A7A55 /* JobJarVC.swift in Sources */ = {isa = PBXBuildFile; fileRef = CE4832C41F28116B005A7A55 /* JobJarVC.swift */; };
		CE4832C91F28611B005A7A55 /* ReportsVC.swift in Sources */ = {isa = PBXBuildFile; fileRef = CE4832C81F28611B005A7A55 /* ReportsVC.swift */; };
		CE4832CB1F286843005A7A55 /* ReportsNavController.swift in Sources */ = {isa = PBXBuildFile; fileRef = CE4832CA1F286843005A7A55 /* ReportsNavController.swift */; };
		CE5221101F91136C008CE5BD /* FamilyData.swift in Sources */ = {isa = PBXBuildFile; fileRef = CE52210F1F91136C008CE5BD /* FamilyData.swift */; };
		CE5221121F916CFA008CE5BD /* Step6JobSummaryCellB.swift in Sources */ = {isa = PBXBuildFile; fileRef = CE5221111F916CFA008CE5BD /* Step6JobSummaryCellB.swift */; };
		CE532D171FBAD04300381807 /* UserVCExtAlertsEtc.swift in Sources */ = {isa = PBXBuildFile; fileRef = CE532D161FBAD04300381807 /* UserVCExtAlertsEtc.swift */; };
		CE532D191FBAD3C900381807 /* UserVCExtWeeklyJobs.swift in Sources */ = {isa = PBXBuildFile; fileRef = CE532D181FBAD3C900381807 /* UserVCExtWeeklyJobs.swift */; };
		CE532D1B1FBAD69A00381807 /* UserVCExtDailyHabits.swift in Sources */ = {isa = PBXBuildFile; fileRef = CE532D1A1FBAD69A00381807 /* UserVCExtDailyHabits.swift */; };
		CE532D1D1FBAD7F100381807 /* UserVCExtDailyJobs.swift in Sources */ = {isa = PBXBuildFile; fileRef = CE532D1C1FBAD7F100381807 /* UserVCExtDailyJobs.swift */; };
		CE55796D1F06134F006FE40B /* Step6JobSummaryVC.swift in Sources */ = {isa = PBXBuildFile; fileRef = CE55796C1F06134F006FE40B /* Step6JobSummaryVC.swift */; };
		CE55796F1F0633B3006FE40B /* Step6JobSummaryCell.swift in Sources */ = {isa = PBXBuildFile; fileRef = CE55796E1F0633B3006FE40B /* Step6JobSummaryCell.swift */; };
		CE5AD7F81FA19FEE00234469 /* Step10ExpenseDetailVC.swift in Sources */ = {isa = PBXBuildFile; fileRef = CE5AD7F71FA19FEE00234469 /* Step10ExpenseDetailVC.swift */; };
		CE6996641F70C05900E8668C /* Step3AddJobVC.swift in Sources */ = {isa = PBXBuildFile; fileRef = CE6996631F70C05900E8668C /* Step3AddJobVC.swift */; };
		CE6F69441F868B9E00FE9349 /* Step3VideoVC.swift in Sources */ = {isa = PBXBuildFile; fileRef = CE6F69431F868B9E00FE9349 /* Step3VideoVC.swift */; };
		CE6F69461F868CCC00FE9349 /* Step4VideoVC.swift in Sources */ = {isa = PBXBuildFile; fileRef = CE6F69451F868CCC00FE9349 /* Step4VideoVC.swift */; };
		CE7160F91F04A2A10045AA05 /* Step7HabitsVC.swift in Sources */ = {isa = PBXBuildFile; fileRef = CE7160F81F04A2A10045AA05 /* Step7HabitsVC.swift */; };
		CE7160FB1F04A9270045AA05 /* Step7HabitCell.swift in Sources */ = {isa = PBXBuildFile; fileRef = CE7160FA1F04A9270045AA05 /* Step7HabitCell.swift */; };
		CE79B8941F233F290032DD70 /* VideosVC.swift in Sources */ = {isa = PBXBuildFile; fileRef = CE79B8931F233F290032DD70 /* VideosVC.swift */; };
		CE7FF98D1F340E6A000AD071 /* WithdrawalVC.swift in Sources */ = {isa = PBXBuildFile; fileRef = CE7FF98C1F340E6A000AD071 /* WithdrawalVC.swift */; };
		CE7FF98F1F34124F000AD071 /* FeeVC.swift in Sources */ = {isa = PBXBuildFile; fileRef = CE7FF98E1F34124F000AD071 /* FeeVC.swift */; };
		CE7FF9911F3448C9000AD071 /* UserSettingsVC.swift in Sources */ = {isa = PBXBuildFile; fileRef = CE7FF9901F3448C9000AD071 /* UserSettingsVC.swift */; };
		CE8F1C481F88D684000BE9F5 /* Step5PopupVC.swift in Sources */ = {isa = PBXBuildFile; fileRef = CE8F1C471F88D684000BE9F5 /* Step5PopupVC.swift */; };
		CE8F1C4A1F88D6A0000BE9F5 /* Step4VideoVC2.swift in Sources */ = {isa = PBXBuildFile; fileRef = CE8F1C491F88D6A0000BE9F5 /* Step4VideoVC2.swift */; };
		CE8FF9FE1F0F7D88004A53BE /* Step10ExpensesCell.swift in Sources */ = {isa = PBXBuildFile; fileRef = CE8FF9FD1F0F7D88004A53BE /* Step10ExpensesCell.swift */; };
		CE8FFA021F10AE92004A53BE /* GlobalVariables.swift in Sources */ = {isa = PBXBuildFile; fileRef = CE8FFA011F10AE92004A53BE /* GlobalVariables.swift */; };
		CE9443B61F297F5C00ACC7D4 /* UserSettingsNavController.swift in Sources */ = {isa = PBXBuildFile; fileRef = CE9443B51F297F5C00ACC7D4 /* UserSettingsNavController.swift */; };
		CE9443B81F29804200ACC7D4 /* SpendingNavController.swift in Sources */ = {isa = PBXBuildFile; fileRef = CE9443B71F29804200ACC7D4 /* SpendingNavController.swift */; };
		CE9443BA1F29839F00ACC7D4 /* MoneyNavController.swift in Sources */ = {isa = PBXBuildFile; fileRef = CE9443B91F29839F00ACC7D4 /* MoneyNavController.swift */; };
		CE9443BC1F29842000ACC7D4 /* ReportsPointsVC.swift in Sources */ = {isa = PBXBuildFile; fileRef = CE9443BB1F29842000ACC7D4 /* ReportsPointsVC.swift */; };
		CE9443BE1F29847F00ACC7D4 /* MoneyVC.swift in Sources */ = {isa = PBXBuildFile; fileRef = CE9443BD1F29847F00ACC7D4 /* MoneyVC.swift */; };
		CE951E411F4B5D54003B5EEF /* PaydayDetailVC.swift in Sources */ = {isa = PBXBuildFile; fileRef = CE951E401F4B5D54003B5EEF /* PaydayDetailVC.swift */; };
		CE951E431F4B622D003B5EEF /* PaydayDetailCellA1.swift in Sources */ = {isa = PBXBuildFile; fileRef = CE951E421F4B622D003B5EEF /* PaydayDetailCellA1.swift */; };
		CE951E451F4B6243003B5EEF /* PaydayDetailCellA2.swift in Sources */ = {isa = PBXBuildFile; fileRef = CE951E441F4B6243003B5EEF /* PaydayDetailCellA2.swift */; };
		CE951E471F4B7C3C003B5EEF /* PaydayDetailCellB1.swift in Sources */ = {isa = PBXBuildFile; fileRef = CE951E461F4B7C3C003B5EEF /* PaydayDetailCellB1.swift */; };
		CE951E491F4B7C4C003B5EEF /* PaydayDetailCellB2.swift in Sources */ = {isa = PBXBuildFile; fileRef = CE951E481F4B7C4C003B5EEF /* PaydayDetailCellB2.swift */; };
		CE951E4B1F4B7C57003B5EEF /* PaydayDetailCellC1.swift in Sources */ = {isa = PBXBuildFile; fileRef = CE951E4A1F4B7C57003B5EEF /* PaydayDetailCellC1.swift */; };
		CE951E4D1F4B7C63003B5EEF /* PaydayDetailCellC2.swift in Sources */ = {isa = PBXBuildFile; fileRef = CE951E4C1F4B7C63003B5EEF /* PaydayDetailCellC2.swift */; };
		CE99F07E1F0AB53D007E01E7 /* Step9IncomeSummaryVC.swift in Sources */ = {isa = PBXBuildFile; fileRef = CE99F07D1F0AB53D007E01E7 /* Step9IncomeSummaryVC.swift */; };
		CE99F0A81F0B6B5D007E01E7 /* Step10ExpensesVC.swift in Sources */ = {isa = PBXBuildFile; fileRef = CE99F0A71F0B6B5D007E01E7 /* Step10ExpensesVC.swift */; };
		CEA133D11F9566EE00B3625E /* Step7HabitsPopupVC.swift in Sources */ = {isa = PBXBuildFile; fileRef = CEA133D01F9566EE00B3625E /* Step7HabitsPopupVC.swift */; };
		CEA133D31F95684400B3625E /* Step7HabitsVideoVC.swift in Sources */ = {isa = PBXBuildFile; fileRef = CEA133D21F95684400B3625E /* Step7HabitsVideoVC.swift */; };
		CEA133D61F95C74700B3625E /* Step7EditHabitsVC.swift in Sources */ = {isa = PBXBuildFile; fileRef = CEA133D51F95C74700B3625E /* Step7EditHabitsVC.swift */; };
		CEA2BC491F71C3900020D958 /* JobsAndHabits.swift in Sources */ = {isa = PBXBuildFile; fileRef = CEA2BC481F71C3900020D958 /* JobsAndHabits.swift */; };
		CEA300251FB28E7700BEE503 /* Income.swift in Sources */ = {isa = PBXBuildFile; fileRef = CEA300241FB28E7700BEE503 /* Income.swift */; };
		CEA738BF1F8F30A400C3266D /* Step4PopupVC2.swift in Sources */ = {isa = PBXBuildFile; fileRef = CEA738BE1F8F30A400C3266D /* Step4PopupVC2.swift */; };
		CEA738C11F8F30BC00C3266D /* Step5VideoVC.swift in Sources */ = {isa = PBXBuildFile; fileRef = CEA738C01F8F30BC00C3266D /* Step5VideoVC.swift */; };
		CEAAF9DA1F356D3800846DD5 /* PaydayCell.swift in Sources */ = {isa = PBXBuildFile; fileRef = CEAAF9D91F356D3800846DD5 /* PaydayCell.swift */; };
		CEAAF9DC1F356F2400846DD5 /* PaydayVC.swift in Sources */ = {isa = PBXBuildFile; fileRef = CEAAF9DB1F356F2400846DD5 /* PaydayVC.swift */; };
		CEAAF9DE1F35A41C00846DD5 /* SpendingVC.swift in Sources */ = {isa = PBXBuildFile; fileRef = CEAAF9DD1F35A41C00846DD5 /* SpendingVC.swift */; };
		CEAD053E1F2209A60097CD33 /* UserCell.swift in Sources */ = {isa = PBXBuildFile; fileRef = CEAD053D1F2209A60097CD33 /* UserCell.swift */; };
		CEAF4B3C1FBBF1FE008E623C /* 008732264-coin-gold.wav in Resources */ = {isa = PBXBuildFile; fileRef = CEAF4B3B1FBBF1FE008E623C /* 008732264-coin-gold.wav */; };
		CEAF4B3E1FBBF490008E623C /* SOUND EFFECT TADA.wav in Resources */ = {isa = PBXBuildFile; fileRef = CEAF4B3D1FBBF490008E623C /* SOUND EFFECT TADA.wav */; };
		CEAF71A41FA271DB0097EACF /* Budget.swift in Sources */ = {isa = PBXBuildFile; fileRef = CEAF71A31FA271DB0097EACF /* Budget.swift */; };
		CEB2FD541EFF4DB300763862 /* GoogleService-Info.plist in Resources */ = {isa = PBXBuildFile; fileRef = CEB2FD531EFF4DB300763862 /* GoogleService-Info.plist */; };
		CEB32C691F2C09DC0069D8B0 /* ReportsCBVC.swift in Sources */ = {isa = PBXBuildFile; fileRef = CEB32C681F2C09DB0069D8B0 /* ReportsCBVC.swift */; };
		CEB32C6B1F2C49D10069D8B0 /* ReportsCBCell.swift in Sources */ = {isa = PBXBuildFile; fileRef = CEB32C6A1F2C49D10069D8B0 /* ReportsCBCell.swift */; };
		CEB4CD2A1F1ECD9100F9733F /* UserVC.swift in Sources */ = {isa = PBXBuildFile; fileRef = CEB4CD291F1ECD9100F9733F /* UserVC.swift */; };
		CEB4CD2D1F1ED77400F9733F /* SetupNavController.swift in Sources */ = {isa = PBXBuildFile; fileRef = CEB4CD2C1F1ED77400F9733F /* SetupNavController.swift */; };
		CEB524151F5A13DC00CD8491 /* ReportsBudgetVC.swift in Sources */ = {isa = PBXBuildFile; fileRef = CEB524141F5A13DC00CD8491 /* ReportsBudgetVC.swift */; };
		CEB524191F5A6F1F00CD8491 /* ReportsBudgetCell2.swift in Sources */ = {isa = PBXBuildFile; fileRef = CEB524181F5A6F1F00CD8491 /* ReportsBudgetCell2.swift */; };
		CEB55ED11FB10A420097F86A /* Points.swift in Sources */ = {isa = PBXBuildFile; fileRef = CEB55ED01FB10A420097F86A /* Points.swift */; };
		CEB7D1681F5A86D3006D9763 /* ReportsBudgetCell1.swift in Sources */ = {isa = PBXBuildFile; fileRef = CEB7D1671F5A86D3006D9763 /* ReportsBudgetCell1.swift */; };
		CEC5BD541F77310500B66CEC /* Step3PopupVC.swift in Sources */ = {isa = PBXBuildFile; fileRef = CEC5BD531F77310500B66CEC /* Step3PopupVC.swift */; };
		CED509E21F030F560058728F /* Step4VC.swift in Sources */ = {isa = PBXBuildFile; fileRef = CED509E11F030F560058728F /* Step4VC.swift */; };
		CED509E41F0310740058728F /* Step4CustomCell.swift in Sources */ = {isa = PBXBuildFile; fileRef = CED509E31F0310740058728F /* Step4CustomCell.swift */; };
		CED7D5991F997BF800351347 /* OutsideIncome.swift in Sources */ = {isa = PBXBuildFile; fileRef = CED7D5981F997BF800351347 /* OutsideIncome.swift */; };
		CEDBFE2E1F2AE4C800829DE4 /* ReportsPointsCell.swift in Sources */ = {isa = PBXBuildFile; fileRef = CEDBFE2D1F2AE4C800829DE4 /* ReportsPointsCell.swift */; };
		CEE2631C1F2D25BA007AB77E /* MoneyCell1.swift in Sources */ = {isa = PBXBuildFile; fileRef = CEE2631B1F2D25BA007AB77E /* MoneyCell1.swift */; };
		CEE4CDD91F8DA066006847E8 /* Step5PaydayInspectVC.swift in Sources */ = {isa = PBXBuildFile; fileRef = CEE4CDD81F8DA066006847E8 /* Step5PaydayInspectVC.swift */; };
		CEEA5D281F89D5D300C4D275 /* Step4AgeAppropVC.swift in Sources */ = {isa = PBXBuildFile; fileRef = CEEA5D271F89D5D300C4D275 /* Step4AgeAppropVC.swift */; };
		CEEBB3401F202D900046E3FE /* SetupCompleteVC.swift in Sources */ = {isa = PBXBuildFile; fileRef = CEEBB33F1F202D900046E3FE /* SetupCompleteVC.swift */; };
		CEEC02DB1F9310A200254769 /* LoadingVC.swift in Sources */ = {isa = PBXBuildFile; fileRef = CEEC02DA1F9310A200254769 /* LoadingVC.swift */; };
		CEF1A4931F022F3F00C010F9 /* Step3VC.swift in Sources */ = {isa = PBXBuildFile; fileRef = CEF1A4921F022F3F00C010F9 /* Step3VC.swift */; };
		CEF1A4951F02472700C010F9 /* Step3CustomCell.swift in Sources */ = {isa = PBXBuildFile; fileRef = CEF1A4941F02472700C010F9 /* Step3CustomCell.swift */; };
		CEF3EBBB1F302CF0008953A8 /* MoneyCell2.swift in Sources */ = {isa = PBXBuildFile; fileRef = CEF3EBBA1F302CF0008953A8 /* MoneyCell2.swift */; };
		CEF3EBBD1F305A45008953A8 /* MoneyCell3.swift in Sources */ = {isa = PBXBuildFile; fileRef = CEF3EBBC1F305A45008953A8 /* MoneyCell3.swift */; };
		CEF3EBBF1F305FE4008953A8 /* MoneyCell4.swift in Sources */ = {isa = PBXBuildFile; fileRef = CEF3EBBE1F305FE4008953A8 /* MoneyCell4.swift */; };
		CEFC22001F64A82900CC4FC1 /* MPUser.swift in Sources */ = {isa = PBXBuildFile; fileRef = CEFC21FF1F64A82900CC4FC1 /* MPUser.swift */; };
		CEFC56F21F81E93D00B9049B /* Step1VideoVC.swift in Sources */ = {isa = PBXBuildFile; fileRef = CEFC56F11F81E93D00B9049B /* Step1VideoVC.swift */; };
/* End PBXBuildFile section */

/* Begin PBXFileReference section */
		879D7E2EBF3C7C657C444D25 /* Pods-Moneypants.release.xcconfig */ = {isa = PBXFileReference; includeInIndex = 1; lastKnownFileType = text.xcconfig; name = "Pods-Moneypants.release.xcconfig"; path = "Pods/Target Support Files/Pods-Moneypants/Pods-Moneypants.release.xcconfig"; sourceTree = "<group>"; };
		89FB67541D5C82AB002B2484 /* Moneypants.app */ = {isa = PBXFileReference; explicitFileType = wrapper.application; includeInIndex = 0; path = Moneypants.app; sourceTree = BUILT_PRODUCTS_DIR; };
		89FB67571D5C82AB002B2484 /* AppDelegate.swift */ = {isa = PBXFileReference; lastKnownFileType = sourcecode.swift; lineEnding = 0; path = AppDelegate.swift; sourceTree = "<group>"; xcLanguageSpecificationIdentifier = xcode.lang.swift; };
		89FB675C1D5C82AB002B2484 /* Base */ = {isa = PBXFileReference; lastKnownFileType = file.storyboard; name = Base; path = Base.lproj/Setup.storyboard; sourceTree = "<group>"; };
		89FB675E1D5C82AB002B2484 /* Assets.xcassets */ = {isa = PBXFileReference; lastKnownFileType = folder.assetcatalog; path = Assets.xcassets; sourceTree = "<group>"; };
		89FB67611D5C82AB002B2484 /* Base */ = {isa = PBXFileReference; lastKnownFileType = file.storyboard; name = Base; path = Base.lproj/LaunchScreen.storyboard; sourceTree = "<group>"; };
		89FB67631D5C82AB002B2484 /* Info.plist */ = {isa = PBXFileReference; lastKnownFileType = text.plist.xml; path = Info.plist; sourceTree = "<group>"; };
		89FB67691D5C82F5002B2484 /* LoginVC.swift */ = {isa = PBXFileReference; fileEncoding = 4; lastKnownFileType = sourcecode.swift; lineEnding = 0; path = LoginVC.swift; sourceTree = "<group>"; xcLanguageSpecificationIdentifier = xcode.lang.swift; };
		89FB676B1D5C837D002B2484 /* SignUpVC.swift */ = {isa = PBXFileReference; fileEncoding = 4; lastKnownFileType = sourcecode.swift; lineEnding = 0; path = SignUpVC.swift; sourceTree = "<group>"; xcLanguageSpecificationIdentifier = xcode.lang.swift; };
		CE0E19721F168B3900DEDBDE /* Base */ = {isa = PBXFileReference; lastKnownFileType = file.storyboard; name = Base; path = Base.lproj/Home.storyboard; sourceTree = "<group>"; };
		CE18C4D11F64E14F00C748BC /* MaxLengthTextField.swift */ = {isa = PBXFileReference; fileEncoding = 4; lastKnownFileType = sourcecode.swift; path = MaxLengthTextField.swift; sourceTree = "<group>"; };
		CE1B477C1F185025007C7515 /* HomeVC.swift */ = {isa = PBXFileReference; fileEncoding = 4; lastKnownFileType = sourcecode.swift; lineEnding = 0; path = HomeVC.swift; sourceTree = "<group>"; xcLanguageSpecificationIdentifier = xcode.lang.swift; };
		CE1B477E1F186E99007C7515 /* HomeCustomCell.swift */ = {isa = PBXFileReference; fileEncoding = 4; lastKnownFileType = sourcecode.swift; path = HomeCustomCell.swift; sourceTree = "<group>"; };
		CE1B47801F1885B0007C7515 /* SettingsVC.swift */ = {isa = PBXFileReference; fileEncoding = 4; lastKnownFileType = sourcecode.swift; lineEnding = 0; path = SettingsVC.swift; sourceTree = "<group>"; xcLanguageSpecificationIdentifier = xcode.lang.swift; };
		CE1CB50A1F01AD10009A8DAC /* Step1VC.swift */ = {isa = PBXFileReference; fileEncoding = 4; lastKnownFileType = sourcecode.swift; lineEnding = 0; path = Step1VC.swift; sourceTree = "<group>"; xcLanguageSpecificationIdentifier = xcode.lang.swift; };
		CE1CB50D1F01AD9E009A8DAC /* Arista2.0 Alternate light.ttf */ = {isa = PBXFileReference; lastKnownFileType = file; path = "Arista2.0 Alternate light.ttf"; sourceTree = "<group>"; };
		CE1CB50E1F01AD9E009A8DAC /* Arista2.0 light.ttf */ = {isa = PBXFileReference; lastKnownFileType = file; path = "Arista2.0 light.ttf"; sourceTree = "<group>"; };
		CE1CB50F1F01AD9E009A8DAC /* Arista2.0.ttf */ = {isa = PBXFileReference; lastKnownFileType = file; path = Arista2.0.ttf; sourceTree = "<group>"; };
		CE1CB5101F01AD9E009A8DAC /* Arista2.0_fat.ttf */ = {isa = PBXFileReference; lastKnownFileType = file; path = Arista2.0_fat.ttf; sourceTree = "<group>"; };
		CE1CB5111F01AD9E009A8DAC /* Arista2.0Alternate.ttf */ = {isa = PBXFileReference; lastKnownFileType = file; path = Arista2.0Alternate.ttf; sourceTree = "<group>"; };
		CE1CB5121F01AD9E009A8DAC /* Arista2.0Alternate_full.ttf */ = {isa = PBXFileReference; lastKnownFileType = file; path = Arista2.0Alternate_full.ttf; sourceTree = "<group>"; };
		CE1CB5191F01AF48009A8DAC /* Step2UsersVC.swift */ = {isa = PBXFileReference; fileEncoding = 4; lastKnownFileType = sourcecode.swift; lineEnding = 0; path = Step2UsersVC.swift; sourceTree = "<group>"; xcLanguageSpecificationIdentifier = xcode.lang.swift; };
		CE1CB51F1F02117F009A8DAC /* Step2VC.swift */ = {isa = PBXFileReference; fileEncoding = 4; lastKnownFileType = sourcecode.swift; lineEnding = 0; path = Step2VC.swift; sourceTree = "<group>"; xcLanguageSpecificationIdentifier = xcode.lang.swift; };
		CE1CB5221F0214BB009A8DAC /* Aiden.jpg */ = {isa = PBXFileReference; lastKnownFileType = image.jpeg; path = Aiden.jpg; sourceTree = "<group>"; };
		CE1CB5231F0214BB009A8DAC /* Dad.jpg */ = {isa = PBXFileReference; lastKnownFileType = image.jpeg; path = Dad.jpg; sourceTree = "<group>"; };
		CE1CB5241F0214BB009A8DAC /* Mom.jpg */ = {isa = PBXFileReference; lastKnownFileType = image.jpeg; path = Mom.jpg; sourceTree = "<group>"; };
		CE1CB5251F0214BB009A8DAC /* Savannah.jpg */ = {isa = PBXFileReference; lastKnownFileType = image.jpeg; path = Savannah.jpg; sourceTree = "<group>"; };
		CE1CB5261F0214BB009A8DAC /* Sophie.jpg */ = {isa = PBXFileReference; lastKnownFileType = image.jpeg; path = Sophie.jpg; sourceTree = "<group>"; };
		CE1CB52C1F0215EA009A8DAC /* Step2Cell.swift */ = {isa = PBXFileReference; fileEncoding = 4; lastKnownFileType = sourcecode.swift; lineEnding = 0; path = Step2Cell.swift; sourceTree = "<group>"; xcLanguageSpecificationIdentifier = xcode.lang.swift; };
		CE24A4371F07121D00A03FA2 /* Step8OutsideIncomeVC.swift */ = {isa = PBXFileReference; fileEncoding = 4; lastKnownFileType = sourcecode.swift; path = Step8OutsideIncomeVC.swift; sourceTree = "<group>"; };
		CE2CCBDA1F26DE1C00ACA17F /* VideosCell.swift */ = {isa = PBXFileReference; fileEncoding = 4; lastKnownFileType = sourcecode.swift; path = VideosCell.swift; sourceTree = "<group>"; };
		CE2CCBFF1F27136C00ACA17F /* VideoPlaybackVC.swift */ = {isa = PBXFileReference; fileEncoding = 4; lastKnownFileType = sourcecode.swift; path = VideoPlaybackVC.swift; sourceTree = "<group>"; };
		CE36A7351F75B7EE006CAB40 /* Step1PopupVC.swift */ = {isa = PBXFileReference; fileEncoding = 4; lastKnownFileType = sourcecode.swift; lineEnding = 0; path = Step1PopupVC.swift; sourceTree = "<group>"; xcLanguageSpecificationIdentifier = xcode.lang.swift; };
		CE39F51E1F7D83730053E45D /* Step4PopupVC.swift */ = {isa = PBXFileReference; fileEncoding = 4; lastKnownFileType = sourcecode.swift; path = Step4PopupVC.swift; sourceTree = "<group>"; };
		CE3CA84E1F32B97C0069129B /* ReportsSpendingVC.swift */ = {isa = PBXFileReference; fileEncoding = 4; lastKnownFileType = sourcecode.swift; path = ReportsSpendingVC.swift; sourceTree = "<group>"; };
		CE4627BC1FBD1845009A6749 /* UserProgressPopupVC.swift */ = {isa = PBXFileReference; fileEncoding = 4; lastKnownFileType = sourcecode.swift; path = UserProgressPopupVC.swift; sourceTree = "<group>"; };
		CE464E7D1FAC479800941021 /* Step10ExpensePopupVC.swift */ = {isa = PBXFileReference; fileEncoding = 4; lastKnownFileType = sourcecode.swift; path = Step10ExpensePopupVC.swift; sourceTree = "<group>"; };
		CE464E7F1FAC4C1C00941021 /* Step10ExpenseVideoVC.swift */ = {isa = PBXFileReference; fileEncoding = 4; lastKnownFileType = sourcecode.swift; path = Step10ExpenseVideoVC.swift; sourceTree = "<group>"; };
		CE4832B51F27E27B005A7A55 /* Base */ = {isa = PBXFileReference; lastKnownFileType = file.storyboard; name = Base; path = Base.lproj/User.storyboard; sourceTree = "<group>"; };
		CE4832B81F27FB11005A7A55 /* HomeNavController.swift */ = {isa = PBXFileReference; fileEncoding = 4; lastKnownFileType = sourcecode.swift; path = HomeNavController.swift; sourceTree = "<group>"; };
		CE4832BA1F27FCA0005A7A55 /* PaydayNavController.swift */ = {isa = PBXFileReference; fileEncoding = 4; lastKnownFileType = sourcecode.swift; path = PaydayNavController.swift; sourceTree = "<group>"; };
		CE4832BC1F28005A005A7A55 /* VideosNavController.swift */ = {isa = PBXFileReference; fileEncoding = 4; lastKnownFileType = sourcecode.swift; path = VideosNavController.swift; sourceTree = "<group>"; };
		CE4832BE1F2800A5005A7A55 /* SettingsNavController.swift */ = {isa = PBXFileReference; fileEncoding = 4; lastKnownFileType = sourcecode.swift; path = SettingsNavController.swift; sourceTree = "<group>"; };
		CE4832C01F280216005A7A55 /* UserNavController.swift */ = {isa = PBXFileReference; fileEncoding = 4; lastKnownFileType = sourcecode.swift; path = UserNavController.swift; sourceTree = "<group>"; };
		CE4832C21F281154005A7A55 /* JobJarNavController.swift */ = {isa = PBXFileReference; fileEncoding = 4; lastKnownFileType = sourcecode.swift; path = JobJarNavController.swift; sourceTree = "<group>"; };
		CE4832C41F28116B005A7A55 /* JobJarVC.swift */ = {isa = PBXFileReference; fileEncoding = 4; lastKnownFileType = sourcecode.swift; path = JobJarVC.swift; sourceTree = "<group>"; };
		CE4832C81F28611B005A7A55 /* ReportsVC.swift */ = {isa = PBXFileReference; fileEncoding = 4; lastKnownFileType = sourcecode.swift; path = ReportsVC.swift; sourceTree = "<group>"; };
		CE4832CA1F286843005A7A55 /* ReportsNavController.swift */ = {isa = PBXFileReference; fileEncoding = 4; lastKnownFileType = sourcecode.swift; path = ReportsNavController.swift; sourceTree = "<group>"; };
		CE52210F1F91136C008CE5BD /* FamilyData.swift */ = {isa = PBXFileReference; fileEncoding = 4; lastKnownFileType = sourcecode.swift; path = FamilyData.swift; sourceTree = "<group>"; };
		CE5221111F916CFA008CE5BD /* Step6JobSummaryCellB.swift */ = {isa = PBXFileReference; fileEncoding = 4; lastKnownFileType = sourcecode.swift; path = Step6JobSummaryCellB.swift; sourceTree = "<group>"; };
		CE532D161FBAD04300381807 /* UserVCExtAlertsEtc.swift */ = {isa = PBXFileReference; fileEncoding = 4; lastKnownFileType = sourcecode.swift; path = UserVCExtAlertsEtc.swift; sourceTree = "<group>"; };
		CE532D181FBAD3C900381807 /* UserVCExtWeeklyJobs.swift */ = {isa = PBXFileReference; fileEncoding = 4; lastKnownFileType = sourcecode.swift; path = UserVCExtWeeklyJobs.swift; sourceTree = "<group>"; };
		CE532D1A1FBAD69A00381807 /* UserVCExtDailyHabits.swift */ = {isa = PBXFileReference; fileEncoding = 4; lastKnownFileType = sourcecode.swift; path = UserVCExtDailyHabits.swift; sourceTree = "<group>"; };
		CE532D1C1FBAD7F100381807 /* UserVCExtDailyJobs.swift */ = {isa = PBXFileReference; fileEncoding = 4; lastKnownFileType = sourcecode.swift; path = UserVCExtDailyJobs.swift; sourceTree = "<group>"; };
		CE55796C1F06134F006FE40B /* Step6JobSummaryVC.swift */ = {isa = PBXFileReference; fileEncoding = 4; lastKnownFileType = sourcecode.swift; lineEnding = 0; path = Step6JobSummaryVC.swift; sourceTree = "<group>"; xcLanguageSpecificationIdentifier = xcode.lang.swift; };
		CE55796E1F0633B3006FE40B /* Step6JobSummaryCell.swift */ = {isa = PBXFileReference; fileEncoding = 4; lastKnownFileType = sourcecode.swift; lineEnding = 0; path = Step6JobSummaryCell.swift; sourceTree = "<group>"; xcLanguageSpecificationIdentifier = xcode.lang.swift; };
		CE5AD7F71FA19FEE00234469 /* Step10ExpenseDetailVC.swift */ = {isa = PBXFileReference; fileEncoding = 4; lastKnownFileType = sourcecode.swift; lineEnding = 0; path = Step10ExpenseDetailVC.swift; sourceTree = "<group>"; xcLanguageSpecificationIdentifier = xcode.lang.swift; };
		CE6996631F70C05900E8668C /* Step3AddJobVC.swift */ = {isa = PBXFileReference; fileEncoding = 4; lastKnownFileType = sourcecode.swift; path = Step3AddJobVC.swift; sourceTree = "<group>"; };
		CE6F69431F868B9E00FE9349 /* Step3VideoVC.swift */ = {isa = PBXFileReference; fileEncoding = 4; lastKnownFileType = sourcecode.swift; path = Step3VideoVC.swift; sourceTree = "<group>"; };
		CE6F69451F868CCC00FE9349 /* Step4VideoVC.swift */ = {isa = PBXFileReference; fileEncoding = 4; lastKnownFileType = sourcecode.swift; path = Step4VideoVC.swift; sourceTree = "<group>"; };
		CE7160F81F04A2A10045AA05 /* Step7HabitsVC.swift */ = {isa = PBXFileReference; fileEncoding = 4; lastKnownFileType = sourcecode.swift; lineEnding = 0; path = Step7HabitsVC.swift; sourceTree = "<group>"; xcLanguageSpecificationIdentifier = xcode.lang.swift; };
		CE7160FA1F04A9270045AA05 /* Step7HabitCell.swift */ = {isa = PBXFileReference; fileEncoding = 4; lastKnownFileType = sourcecode.swift; path = Step7HabitCell.swift; sourceTree = "<group>"; };
		CE79B8931F233F290032DD70 /* VideosVC.swift */ = {isa = PBXFileReference; fileEncoding = 4; lastKnownFileType = sourcecode.swift; path = VideosVC.swift; sourceTree = "<group>"; };
		CE7FF98C1F340E6A000AD071 /* WithdrawalVC.swift */ = {isa = PBXFileReference; fileEncoding = 4; lastKnownFileType = sourcecode.swift; path = WithdrawalVC.swift; sourceTree = "<group>"; wrapsLines = 1; };
		CE7FF98E1F34124F000AD071 /* FeeVC.swift */ = {isa = PBXFileReference; fileEncoding = 4; lastKnownFileType = sourcecode.swift; path = FeeVC.swift; sourceTree = "<group>"; };
		CE7FF9901F3448C9000AD071 /* UserSettingsVC.swift */ = {isa = PBXFileReference; fileEncoding = 4; lastKnownFileType = sourcecode.swift; path = UserSettingsVC.swift; sourceTree = "<group>"; };
		CE8F1C471F88D684000BE9F5 /* Step5PopupVC.swift */ = {isa = PBXFileReference; fileEncoding = 4; lastKnownFileType = sourcecode.swift; path = Step5PopupVC.swift; sourceTree = "<group>"; };
		CE8F1C491F88D6A0000BE9F5 /* Step4VideoVC2.swift */ = {isa = PBXFileReference; fileEncoding = 4; lastKnownFileType = sourcecode.swift; path = Step4VideoVC2.swift; sourceTree = "<group>"; };
		CE8FF9FD1F0F7D88004A53BE /* Step10ExpensesCell.swift */ = {isa = PBXFileReference; fileEncoding = 4; lastKnownFileType = sourcecode.swift; path = Step10ExpensesCell.swift; sourceTree = "<group>"; };
		CE8FFA011F10AE92004A53BE /* GlobalVariables.swift */ = {isa = PBXFileReference; fileEncoding = 4; lastKnownFileType = sourcecode.swift; path = GlobalVariables.swift; sourceTree = "<group>"; };
		CE9443B51F297F5C00ACC7D4 /* UserSettingsNavController.swift */ = {isa = PBXFileReference; fileEncoding = 4; lastKnownFileType = sourcecode.swift; path = UserSettingsNavController.swift; sourceTree = "<group>"; };
		CE9443B71F29804200ACC7D4 /* SpendingNavController.swift */ = {isa = PBXFileReference; fileEncoding = 4; lastKnownFileType = sourcecode.swift; path = SpendingNavController.swift; sourceTree = "<group>"; };
		CE9443B91F29839F00ACC7D4 /* MoneyNavController.swift */ = {isa = PBXFileReference; fileEncoding = 4; lastKnownFileType = sourcecode.swift; path = MoneyNavController.swift; sourceTree = "<group>"; };
		CE9443BB1F29842000ACC7D4 /* ReportsPointsVC.swift */ = {isa = PBXFileReference; fileEncoding = 4; lastKnownFileType = sourcecode.swift; lineEnding = 0; path = ReportsPointsVC.swift; sourceTree = "<group>"; xcLanguageSpecificationIdentifier = xcode.lang.swift; };
		CE9443BD1F29847F00ACC7D4 /* MoneyVC.swift */ = {isa = PBXFileReference; fileEncoding = 4; lastKnownFileType = sourcecode.swift; lineEnding = 0; path = MoneyVC.swift; sourceTree = "<group>"; xcLanguageSpecificationIdentifier = xcode.lang.swift; };
		CE951E401F4B5D54003B5EEF /* PaydayDetailVC.swift */ = {isa = PBXFileReference; fileEncoding = 4; lastKnownFileType = sourcecode.swift; lineEnding = 0; path = PaydayDetailVC.swift; sourceTree = "<group>"; xcLanguageSpecificationIdentifier = xcode.lang.swift; };
		CE951E421F4B622D003B5EEF /* PaydayDetailCellA1.swift */ = {isa = PBXFileReference; fileEncoding = 4; lastKnownFileType = sourcecode.swift; path = PaydayDetailCellA1.swift; sourceTree = "<group>"; };
		CE951E441F4B6243003B5EEF /* PaydayDetailCellA2.swift */ = {isa = PBXFileReference; fileEncoding = 4; lastKnownFileType = sourcecode.swift; path = PaydayDetailCellA2.swift; sourceTree = "<group>"; };
		CE951E461F4B7C3C003B5EEF /* PaydayDetailCellB1.swift */ = {isa = PBXFileReference; fileEncoding = 4; lastKnownFileType = sourcecode.swift; path = PaydayDetailCellB1.swift; sourceTree = "<group>"; };
		CE951E481F4B7C4C003B5EEF /* PaydayDetailCellB2.swift */ = {isa = PBXFileReference; fileEncoding = 4; lastKnownFileType = sourcecode.swift; path = PaydayDetailCellB2.swift; sourceTree = "<group>"; };
		CE951E4A1F4B7C57003B5EEF /* PaydayDetailCellC1.swift */ = {isa = PBXFileReference; fileEncoding = 4; lastKnownFileType = sourcecode.swift; path = PaydayDetailCellC1.swift; sourceTree = "<group>"; };
		CE951E4C1F4B7C63003B5EEF /* PaydayDetailCellC2.swift */ = {isa = PBXFileReference; fileEncoding = 4; lastKnownFileType = sourcecode.swift; path = PaydayDetailCellC2.swift; sourceTree = "<group>"; };
		CE99F07D1F0AB53D007E01E7 /* Step9IncomeSummaryVC.swift */ = {isa = PBXFileReference; fileEncoding = 4; lastKnownFileType = sourcecode.swift; path = Step9IncomeSummaryVC.swift; sourceTree = "<group>"; };
		CE99F0A71F0B6B5D007E01E7 /* Step10ExpensesVC.swift */ = {isa = PBXFileReference; fileEncoding = 4; lastKnownFileType = sourcecode.swift; lineEnding = 0; path = Step10ExpensesVC.swift; sourceTree = "<group>"; xcLanguageSpecificationIdentifier = xcode.lang.swift; };
		CEA133D01F9566EE00B3625E /* Step7HabitsPopupVC.swift */ = {isa = PBXFileReference; fileEncoding = 4; lastKnownFileType = sourcecode.swift; path = Step7HabitsPopupVC.swift; sourceTree = "<group>"; };
		CEA133D21F95684400B3625E /* Step7HabitsVideoVC.swift */ = {isa = PBXFileReference; fileEncoding = 4; lastKnownFileType = sourcecode.swift; path = Step7HabitsVideoVC.swift; sourceTree = "<group>"; };
		CEA133D51F95C74700B3625E /* Step7EditHabitsVC.swift */ = {isa = PBXFileReference; fileEncoding = 4; lastKnownFileType = sourcecode.swift; path = Step7EditHabitsVC.swift; sourceTree = "<group>"; };
		CEA2BC481F71C3900020D958 /* JobsAndHabits.swift */ = {isa = PBXFileReference; fileEncoding = 4; lastKnownFileType = sourcecode.swift; path = JobsAndHabits.swift; sourceTree = "<group>"; };
		CEA300241FB28E7700BEE503 /* Income.swift */ = {isa = PBXFileReference; fileEncoding = 4; lastKnownFileType = sourcecode.swift; lineEnding = 0; path = Income.swift; sourceTree = "<group>"; xcLanguageSpecificationIdentifier = xcode.lang.swift; };
		CEA738BE1F8F30A400C3266D /* Step4PopupVC2.swift */ = {isa = PBXFileReference; fileEncoding = 4; lastKnownFileType = sourcecode.swift; path = Step4PopupVC2.swift; sourceTree = "<group>"; };
		CEA738C01F8F30BC00C3266D /* Step5VideoVC.swift */ = {isa = PBXFileReference; fileEncoding = 4; lastKnownFileType = sourcecode.swift; path = Step5VideoVC.swift; sourceTree = "<group>"; };
		CEAAF9D91F356D3800846DD5 /* PaydayCell.swift */ = {isa = PBXFileReference; fileEncoding = 4; lastKnownFileType = sourcecode.swift; path = PaydayCell.swift; sourceTree = "<group>"; };
		CEAAF9DB1F356F2400846DD5 /* PaydayVC.swift */ = {isa = PBXFileReference; fileEncoding = 4; lastKnownFileType = sourcecode.swift; path = PaydayVC.swift; sourceTree = "<group>"; };
		CEAAF9DD1F35A41C00846DD5 /* SpendingVC.swift */ = {isa = PBXFileReference; fileEncoding = 4; lastKnownFileType = sourcecode.swift; path = SpendingVC.swift; sourceTree = "<group>"; };
		CEAD053D1F2209A60097CD33 /* UserCell.swift */ = {isa = PBXFileReference; fileEncoding = 4; lastKnownFileType = sourcecode.swift; path = UserCell.swift; sourceTree = "<group>"; };
		CEAF4B3B1FBBF1FE008E623C /* 008732264-coin-gold.wav */ = {isa = PBXFileReference; lastKnownFileType = audio.wav; path = "008732264-coin-gold.wav"; sourceTree = "<group>"; };
		CEAF4B3D1FBBF490008E623C /* SOUND EFFECT TADA.wav */ = {isa = PBXFileReference; lastKnownFileType = audio.wav; path = "SOUND EFFECT TADA.wav"; sourceTree = "<group>"; };
		CEAF71A31FA271DB0097EACF /* Budget.swift */ = {isa = PBXFileReference; fileEncoding = 4; lastKnownFileType = sourcecode.swift; path = Budget.swift; sourceTree = "<group>"; };
		CEB2FD531EFF4DB300763862 /* GoogleService-Info.plist */ = {isa = PBXFileReference; fileEncoding = 4; lastKnownFileType = text.plist.xml; path = "GoogleService-Info.plist"; sourceTree = "<group>"; };
		CEB32C681F2C09DB0069D8B0 /* ReportsCBVC.swift */ = {isa = PBXFileReference; fileEncoding = 4; lastKnownFileType = sourcecode.swift; lineEnding = 0; path = ReportsCBVC.swift; sourceTree = "<group>"; xcLanguageSpecificationIdentifier = xcode.lang.swift; };
		CEB32C6A1F2C49D10069D8B0 /* ReportsCBCell.swift */ = {isa = PBXFileReference; fileEncoding = 4; lastKnownFileType = sourcecode.swift; lineEnding = 0; path = ReportsCBCell.swift; sourceTree = "<group>"; xcLanguageSpecificationIdentifier = xcode.lang.swift; };
		CEB4CD291F1ECD9100F9733F /* UserVC.swift */ = {isa = PBXFileReference; fileEncoding = 4; lastKnownFileType = sourcecode.swift; lineEnding = 0; path = UserVC.swift; sourceTree = "<group>"; xcLanguageSpecificationIdentifier = xcode.lang.swift; };
		CEB4CD2C1F1ED77400F9733F /* SetupNavController.swift */ = {isa = PBXFileReference; fileEncoding = 4; lastKnownFileType = sourcecode.swift; path = SetupNavController.swift; sourceTree = "<group>"; };
		CEB524141F5A13DC00CD8491 /* ReportsBudgetVC.swift */ = {isa = PBXFileReference; fileEncoding = 4; lastKnownFileType = sourcecode.swift; path = ReportsBudgetVC.swift; sourceTree = "<group>"; };
		CEB524181F5A6F1F00CD8491 /* ReportsBudgetCell2.swift */ = {isa = PBXFileReference; fileEncoding = 4; lastKnownFileType = sourcecode.swift; path = ReportsBudgetCell2.swift; sourceTree = "<group>"; };
		CEB55ED01FB10A420097F86A /* Points.swift */ = {isa = PBXFileReference; fileEncoding = 4; lastKnownFileType = sourcecode.swift; path = Points.swift; sourceTree = "<group>"; };
		CEB7D1671F5A86D3006D9763 /* ReportsBudgetCell1.swift */ = {isa = PBXFileReference; fileEncoding = 4; lastKnownFileType = sourcecode.swift; path = ReportsBudgetCell1.swift; sourceTree = "<group>"; };
		CEC5BD531F77310500B66CEC /* Step3PopupVC.swift */ = {isa = PBXFileReference; fileEncoding = 4; lastKnownFileType = sourcecode.swift; path = Step3PopupVC.swift; sourceTree = "<group>"; };
		CED509E11F030F560058728F /* Step4VC.swift */ = {isa = PBXFileReference; fileEncoding = 4; lastKnownFileType = sourcecode.swift; lineEnding = 0; path = Step4VC.swift; sourceTree = "<group>"; xcLanguageSpecificationIdentifier = xcode.lang.swift; };
		CED509E31F0310740058728F /* Step4CustomCell.swift */ = {isa = PBXFileReference; fileEncoding = 4; lastKnownFileType = sourcecode.swift; path = Step4CustomCell.swift; sourceTree = "<group>"; };
		CED7D5981F997BF800351347 /* OutsideIncome.swift */ = {isa = PBXFileReference; fileEncoding = 4; lastKnownFileType = sourcecode.swift; path = OutsideIncome.swift; sourceTree = "<group>"; };
		CEDBFE2D1F2AE4C800829DE4 /* ReportsPointsCell.swift */ = {isa = PBXFileReference; fileEncoding = 4; lastKnownFileType = sourcecode.swift; lineEnding = 0; path = ReportsPointsCell.swift; sourceTree = "<group>"; xcLanguageSpecificationIdentifier = xcode.lang.swift; };
		CEE2631B1F2D25BA007AB77E /* MoneyCell1.swift */ = {isa = PBXFileReference; fileEncoding = 4; lastKnownFileType = sourcecode.swift; path = MoneyCell1.swift; sourceTree = "<group>"; };
		CEE4CDD81F8DA066006847E8 /* Step5PaydayInspectVC.swift */ = {isa = PBXFileReference; fileEncoding = 4; lastKnownFileType = sourcecode.swift; lineEnding = 0; path = Step5PaydayInspectVC.swift; sourceTree = "<group>"; xcLanguageSpecificationIdentifier = xcode.lang.swift; };
		CEEA5D271F89D5D300C4D275 /* Step4AgeAppropVC.swift */ = {isa = PBXFileReference; fileEncoding = 4; lastKnownFileType = sourcecode.swift; path = Step4AgeAppropVC.swift; sourceTree = "<group>"; };
		CEEBB33F1F202D900046E3FE /* SetupCompleteVC.swift */ = {isa = PBXFileReference; fileEncoding = 4; lastKnownFileType = sourcecode.swift; path = SetupCompleteVC.swift; sourceTree = "<group>"; };
		CEEC02DA1F9310A200254769 /* LoadingVC.swift */ = {isa = PBXFileReference; fileEncoding = 4; lastKnownFileType = sourcecode.swift; lineEnding = 0; path = LoadingVC.swift; sourceTree = "<group>"; xcLanguageSpecificationIdentifier = xcode.lang.swift; };
		CEF1A4921F022F3F00C010F9 /* Step3VC.swift */ = {isa = PBXFileReference; fileEncoding = 4; lastKnownFileType = sourcecode.swift; lineEnding = 0; path = Step3VC.swift; sourceTree = "<group>"; xcLanguageSpecificationIdentifier = xcode.lang.swift; };
		CEF1A4941F02472700C010F9 /* Step3CustomCell.swift */ = {isa = PBXFileReference; fileEncoding = 4; lastKnownFileType = sourcecode.swift; path = Step3CustomCell.swift; sourceTree = "<group>"; };
		CEF3EBBA1F302CF0008953A8 /* MoneyCell2.swift */ = {isa = PBXFileReference; fileEncoding = 4; lastKnownFileType = sourcecode.swift; path = MoneyCell2.swift; sourceTree = "<group>"; };
		CEF3EBBC1F305A45008953A8 /* MoneyCell3.swift */ = {isa = PBXFileReference; fileEncoding = 4; lastKnownFileType = sourcecode.swift; path = MoneyCell3.swift; sourceTree = "<group>"; };
		CEF3EBBE1F305FE4008953A8 /* MoneyCell4.swift */ = {isa = PBXFileReference; fileEncoding = 4; lastKnownFileType = sourcecode.swift; path = MoneyCell4.swift; sourceTree = "<group>"; };
		CEFC21FF1F64A82900CC4FC1 /* MPUser.swift */ = {isa = PBXFileReference; fileEncoding = 4; lastKnownFileType = sourcecode.swift; path = MPUser.swift; sourceTree = "<group>"; };
		CEFC56F11F81E93D00B9049B /* Step1VideoVC.swift */ = {isa = PBXFileReference; fileEncoding = 4; lastKnownFileType = sourcecode.swift; path = Step1VideoVC.swift; sourceTree = "<group>"; };
		E702D73712A3CC1338585505 /* Pods-Moneypants.debug.xcconfig */ = {isa = PBXFileReference; includeInIndex = 1; lastKnownFileType = text.xcconfig; name = "Pods-Moneypants.debug.xcconfig"; path = "Pods/Target Support Files/Pods-Moneypants/Pods-Moneypants.debug.xcconfig"; sourceTree = "<group>"; };
		E88C847AFD8F71A7775695E6 /* Pods_Moneypants.framework */ = {isa = PBXFileReference; explicitFileType = wrapper.framework; includeInIndex = 0; path = Pods_Moneypants.framework; sourceTree = BUILT_PRODUCTS_DIR; };
/* End PBXFileReference section */

/* Begin PBXFrameworksBuildPhase section */
		89FB67511D5C82AB002B2484 /* Frameworks */ = {
			isa = PBXFrameworksBuildPhase;
			buildActionMask = 2147483647;
			files = (
				8A3302C76525106267CCDFE4 /* Pods_Moneypants.framework in Frameworks */,
			);
			runOnlyForDeploymentPostprocessing = 0;
		};
/* End PBXFrameworksBuildPhase section */

/* Begin PBXGroup section */
		87A50BE688BC1EED057E535C /* Pods */ = {
			isa = PBXGroup;
			children = (
				E702D73712A3CC1338585505 /* Pods-Moneypants.debug.xcconfig */,
				879D7E2EBF3C7C657C444D25 /* Pods-Moneypants.release.xcconfig */,
			);
			name = Pods;
			sourceTree = "<group>";
		};
		89FB674B1D5C82AB002B2484 = {
			isa = PBXGroup;
			children = (
				89FB67561D5C82AB002B2484 /* Moneypants */,
				89FB67551D5C82AB002B2484 /* Products */,
				CE1CB50C1F01AD9E009A8DAC /* arista_2_0 */,
				CE1CB5211F0214BB009A8DAC /* Sample Data & Images */,
				87A50BE688BC1EED057E535C /* Pods */,
				DB618AA61B9060DE1D20771C /* Frameworks */,
			);
			sourceTree = "<group>";
		};
		89FB67551D5C82AB002B2484 /* Products */ = {
			isa = PBXGroup;
			children = (
				89FB67541D5C82AB002B2484 /* Moneypants.app */,
			);
			name = Products;
			sourceTree = "<group>";
		};
		89FB67561D5C82AB002B2484 /* Moneypants */ = {
			isa = PBXGroup;
			children = (
				CE69C0E91F7434A30024D09F /* Model */,
				CEDBFE2C1F2AE41900829DE4 /* View */,
				CE69C0EA1F7434BD0024D09F /* Controller */,
				89FB675E1D5C82AB002B2484 /* Assets.xcassets */,
				CEAF4B3F1FBC43C1008E623C /* SoundFX */,
				89FB67631D5C82AB002B2484 /* Info.plist */,
				CEB2FD531EFF4DB300763862 /* GoogleService-Info.plist */,
			);
			path = Moneypants;
			sourceTree = "<group>";
		};
		CE1CB50C1F01AD9E009A8DAC /* arista_2_0 */ = {
			isa = PBXGroup;
			children = (
				CE1CB50D1F01AD9E009A8DAC /* Arista2.0 Alternate light.ttf */,
				CE1CB50E1F01AD9E009A8DAC /* Arista2.0 light.ttf */,
				CE1CB50F1F01AD9E009A8DAC /* Arista2.0.ttf */,
				CE1CB5101F01AD9E009A8DAC /* Arista2.0_fat.ttf */,
				CE1CB5111F01AD9E009A8DAC /* Arista2.0Alternate.ttf */,
				CE1CB5121F01AD9E009A8DAC /* Arista2.0Alternate_full.ttf */,
			);
			path = arista_2_0;
			sourceTree = "<group>";
		};
		CE1CB5211F0214BB009A8DAC /* Sample Data & Images */ = {
			isa = PBXGroup;
			children = (
				CE1CB5221F0214BB009A8DAC /* Aiden.jpg */,
				CE1CB5231F0214BB009A8DAC /* Dad.jpg */,
				CE1CB5241F0214BB009A8DAC /* Mom.jpg */,
				CE1CB5251F0214BB009A8DAC /* Savannah.jpg */,
				CE1CB5261F0214BB009A8DAC /* Sophie.jpg */,
			);
			path = "Sample Data & Images";
			sourceTree = "<group>";
		};
		CE4832B71F27E9A0005A7A55 /* Users */ = {
			isa = PBXGroup;
			children = (
				CE4832C01F280216005A7A55 /* UserNavController.swift */,
				CEB4CD291F1ECD9100F9733F /* UserVC.swift */,
				CE4627BC1FBD1845009A6749 /* UserProgressPopupVC.swift */,
				CE532D1C1FBAD7F100381807 /* UserVCExtDailyJobs.swift */,
				CE532D1A1FBAD69A00381807 /* UserVCExtDailyHabits.swift */,
				CE532D181FBAD3C900381807 /* UserVCExtWeeklyJobs.swift */,
				CE532D161FBAD04300381807 /* UserVCExtAlertsEtc.swift */,
				CEAD053D1F2209A60097CD33 /* UserCell.swift */,
				CE7FF98E1F34124F000AD071 /* FeeVC.swift */,
				CE7FF98C1F340E6A000AD071 /* WithdrawalVC.swift */,
				CE9443B91F29839F00ACC7D4 /* MoneyNavController.swift */,
				CE9443BD1F29847F00ACC7D4 /* MoneyVC.swift */,
				CEE2631B1F2D25BA007AB77E /* MoneyCell1.swift */,
				CEF3EBBA1F302CF0008953A8 /* MoneyCell2.swift */,
				CEF3EBBC1F305A45008953A8 /* MoneyCell3.swift */,
				CEF3EBBE1F305FE4008953A8 /* MoneyCell4.swift */,
				CE9443B71F29804200ACC7D4 /* SpendingNavController.swift */,
				CEAAF9DD1F35A41C00846DD5 /* SpendingVC.swift */,
				CEB5241A1F5A79AC00CD8491 /* Reports */,
				CE9443B51F297F5C00ACC7D4 /* UserSettingsNavController.swift */,
				CE7FF9901F3448C9000AD071 /* UserSettingsVC.swift */,
			);
			name = Users;
			sourceTree = "<group>";
		};
		CE6961A41F92BE8C0028FAB2 /* Step 6 - Job Summary */ = {
			isa = PBXGroup;
			children = (
				CE55796C1F06134F006FE40B /* Step6JobSummaryVC.swift */,
				CE55796E1F0633B3006FE40B /* Step6JobSummaryCell.swift */,
				CE5221111F916CFA008CE5BD /* Step6JobSummaryCellB.swift */,
			);
			name = "Step 6 - Job Summary";
			sourceTree = "<group>";
		};
		CE69C0E91F7434A30024D09F /* Model */ = {
			isa = PBXGroup;
			children = (
				89FB67571D5C82AB002B2484 /* AppDelegate.swift */,
				CE18C4D11F64E14F00C748BC /* MaxLengthTextField.swift */,
				CEFC21FF1F64A82900CC4FC1 /* MPUser.swift */,
				CE52210F1F91136C008CE5BD /* FamilyData.swift */,
				CEAF71A31FA271DB0097EACF /* Budget.swift */,
				CED7D5981F997BF800351347 /* OutsideIncome.swift */,
				CEA2BC481F71C3900020D958 /* JobsAndHabits.swift */,
				CEB55ED01FB10A420097F86A /* Points.swift */,
				CE8FFA011F10AE92004A53BE /* GlobalVariables.swift */,
				CEA300241FB28E7700BEE503 /* Income.swift */,
			);
			name = Model;
			sourceTree = "<group>";
		};
		CE69C0EA1F7434BD0024D09F /* Controller */ = {
			isa = PBXGroup;
			children = (
				CEFC21FD1F64A65800CC4FC1 /* Login */,
				CEB55ECF1FB0FE850097F86A /* Setup */,
				CEB4CD2B1F1ECDC700F9733F /* Home */,
				CE4832B71F27E9A0005A7A55 /* Users */,
			);
			name = Controller;
			sourceTree = "<group>";
		};
		CE951E3F1F4B5D24003B5EEF /* Payday */ = {
			isa = PBXGroup;
			children = (
				CE951E401F4B5D54003B5EEF /* PaydayDetailVC.swift */,
				CE951E421F4B622D003B5EEF /* PaydayDetailCellA1.swift */,
				CE951E441F4B6243003B5EEF /* PaydayDetailCellA2.swift */,
				CE951E461F4B7C3C003B5EEF /* PaydayDetailCellB1.swift */,
				CE951E481F4B7C4C003B5EEF /* PaydayDetailCellB2.swift */,
				CE951E4A1F4B7C57003B5EEF /* PaydayDetailCellC1.swift */,
				CE951E4C1F4B7C63003B5EEF /* PaydayDetailCellC2.swift */,
			);
			name = Payday;
			sourceTree = "<group>";
		};
		CE9B6FD41FAE70C5000A7A26 /* Step 9 - Income Summary */ = {
			isa = PBXGroup;
			children = (
				CE99F07D1F0AB53D007E01E7 /* Step9IncomeSummaryVC.swift */,
			);
			name = "Step 9 - Income Summary";
			sourceTree = "<group>";
		};
		CE9FFED71FAEC9EA00187CDE /* Step 11 - Completion */ = {
			isa = PBXGroup;
			children = (
				CEEBB33F1F202D900046E3FE /* SetupCompleteVC.swift */,
			);
			name = "Step 11 - Completion";
			sourceTree = "<group>";
		};
		CEA133D41F957E5E00B3625E /* Step 7 - Habits */ = {
			isa = PBXGroup;
			children = (
				CE7160F81F04A2A10045AA05 /* Step7HabitsVC.swift */,
				CEA133D51F95C74700B3625E /* Step7EditHabitsVC.swift */,
				CEA133D01F9566EE00B3625E /* Step7HabitsPopupVC.swift */,
				CEA133D21F95684400B3625E /* Step7HabitsVideoVC.swift */,
				CE7160FA1F04A9270045AA05 /* Step7HabitCell.swift */,
			);
			name = "Step 7 - Habits";
			sourceTree = "<group>";
		};
		CEA738C51F9001EC00C3266D /* Step 5 - Payday Assign */ = {
			isa = PBXGroup;
			children = (
				CEE4CDD81F8DA066006847E8 /* Step5PaydayInspectVC.swift */,
				CE8F1C471F88D684000BE9F5 /* Step5PopupVC.swift */,
				CEA738C01F8F30BC00C3266D /* Step5VideoVC.swift */,
			);
			name = "Step 5 - Payday Assign";
			sourceTree = "<group>";
		};
		CEAF4B3F1FBC43C1008E623C /* SoundFX */ = {
			isa = PBXGroup;
			children = (
				CEAF4B3B1FBBF1FE008E623C /* 008732264-coin-gold.wav */,
				CEAF4B3D1FBBF490008E623C /* SOUND EFFECT TADA.wav */,
			);
			name = SoundFX;
			sourceTree = "<group>";
		};
		CEAF71A11FA24B0F0097EACF /* Step 8 - Outside Income */ = {
			isa = PBXGroup;
			children = (
				CE24A4371F07121D00A03FA2 /* Step8OutsideIncomeVC.swift */,
			);
			name = "Step 8 - Outside Income";
			sourceTree = "<group>";
		};
		CEAF71A21FA24B240097EACF /* Step 10 - Budgets */ = {
			isa = PBXGroup;
			children = (
				CE99F0A71F0B6B5D007E01E7 /* Step10ExpensesVC.swift */,
				CE8FF9FD1F0F7D88004A53BE /* Step10ExpensesCell.swift */,
				CE5AD7F71FA19FEE00234469 /* Step10ExpenseDetailVC.swift */,
				CE464E7D1FAC479800941021 /* Step10ExpensePopupVC.swift */,
				CE464E7F1FAC4C1C00941021 /* Step10ExpenseVideoVC.swift */,
			);
			name = "Step 10 - Budgets";
			sourceTree = "<group>";
		};
		CEB4CD2B1F1ECDC700F9733F /* Home */ = {
			isa = PBXGroup;
			children = (
				CE4832B81F27FB11005A7A55 /* HomeNavController.swift */,
				CE1B477C1F185025007C7515 /* HomeVC.swift */,
				CE1B477E1F186E99007C7515 /* HomeCustomCell.swift */,
				CE4832BA1F27FCA0005A7A55 /* PaydayNavController.swift */,
				CEAAF9DB1F356F2400846DD5 /* PaydayVC.swift */,
				CEAAF9D91F356D3800846DD5 /* PaydayCell.swift */,
				CE951E3F1F4B5D24003B5EEF /* Payday */,
				CE4832C21F281154005A7A55 /* JobJarNavController.swift */,
				CE4832C41F28116B005A7A55 /* JobJarVC.swift */,
				CE4832BC1F28005A005A7A55 /* VideosNavController.swift */,
				CE79B8931F233F290032DD70 /* VideosVC.swift */,
				CE2CCBDA1F26DE1C00ACA17F /* VideosCell.swift */,
				CE2CCBFF1F27136C00ACA17F /* VideoPlaybackVC.swift */,
				CE4832BE1F2800A5005A7A55 /* SettingsNavController.swift */,
				CE1B47801F1885B0007C7515 /* SettingsVC.swift */,
			);
			name = Home;
			sourceTree = "<group>";
		};
		CEB5241A1F5A79AC00CD8491 /* Reports */ = {
			isa = PBXGroup;
			children = (
				CE4832CA1F286843005A7A55 /* ReportsNavController.swift */,
				CE4832C81F28611B005A7A55 /* ReportsVC.swift */,
				CE9443BB1F29842000ACC7D4 /* ReportsPointsVC.swift */,
				CEDBFE2D1F2AE4C800829DE4 /* ReportsPointsCell.swift */,
				CE3CA84E1F32B97C0069129B /* ReportsSpendingVC.swift */,
				CEB524141F5A13DC00CD8491 /* ReportsBudgetVC.swift */,
				CEB7D1671F5A86D3006D9763 /* ReportsBudgetCell1.swift */,
				CEB524181F5A6F1F00CD8491 /* ReportsBudgetCell2.swift */,
				CEB32C681F2C09DB0069D8B0 /* ReportsCBVC.swift */,
				CEB32C6A1F2C49D10069D8B0 /* ReportsCBCell.swift */,
			);
			name = Reports;
			sourceTree = "<group>";
		};
		CEB55ECF1FB0FE850097F86A /* Setup */ = {
			isa = PBXGroup;
			children = (
				CEE4D6A91F0F44AB009BAE6C /* Step 1 - Income */,
				CEE4D6A51F0F4460009BAE6C /* Step 2 - Family Members */,
				CEE4D6A61F0F446A009BAE6C /* Step 3 - Job Creation */,
				CEE4D6A81F0F447D009BAE6C /* Step 4 - Job Assign */,
				CEA738C51F9001EC00C3266D /* Step 5 - Payday Assign */,
				CE6961A41F92BE8C0028FAB2 /* Step 6 - Job Summary */,
				CEA133D41F957E5E00B3625E /* Step 7 - Habits */,
				CEAF71A11FA24B0F0097EACF /* Step 8 - Outside Income */,
				CE9B6FD41FAE70C5000A7A26 /* Step 9 - Income Summary */,
				CEAF71A21FA24B240097EACF /* Step 10 - Budgets */,
				CE9FFED71FAEC9EA00187CDE /* Step 11 - Completion */,
			);
			name = Setup;
			sourceTree = "<group>";
		};
		CEDBFE2C1F2AE41900829DE4 /* View */ = {
			isa = PBXGroup;
			children = (
				89FB675B1D5C82AB002B2484 /* Setup.storyboard */,
				CE0E19711F168B3900DEDBDE /* Home.storyboard */,
				CE4832B41F27E27B005A7A55 /* User.storyboard */,
				89FB67601D5C82AB002B2484 /* LaunchScreen.storyboard */,
			);
			name = View;
			sourceTree = "<group>";
		};
		CEE4D6A51F0F4460009BAE6C /* Step 2 - Family Members */ = {
			isa = PBXGroup;
			children = (
				CE1CB51F1F02117F009A8DAC /* Step2VC.swift */,
				CE1CB52C1F0215EA009A8DAC /* Step2Cell.swift */,
				CE1CB5191F01AF48009A8DAC /* Step2UsersVC.swift */,
			);
			name = "Step 2 - Family Members";
			sourceTree = "<group>";
		};
		CEE4D6A61F0F446A009BAE6C /* Step 3 - Job Creation */ = {
			isa = PBXGroup;
			children = (
				CEF1A4921F022F3F00C010F9 /* Step3VC.swift */,
				CE6996631F70C05900E8668C /* Step3AddJobVC.swift */,
				CEC5BD531F77310500B66CEC /* Step3PopupVC.swift */,
				CEF1A4941F02472700C010F9 /* Step3CustomCell.swift */,
				CE6F69431F868B9E00FE9349 /* Step3VideoVC.swift */,
			);
			name = "Step 3 - Job Creation";
			sourceTree = "<group>";
		};
		CEE4D6A81F0F447D009BAE6C /* Step 4 - Job Assign */ = {
			isa = PBXGroup;
			children = (
				CED509E11F030F560058728F /* Step4VC.swift */,
				CED509E31F0310740058728F /* Step4CustomCell.swift */,
				CE39F51E1F7D83730053E45D /* Step4PopupVC.swift */,
				CEEA5D271F89D5D300C4D275 /* Step4AgeAppropVC.swift */,
				CE6F69451F868CCC00FE9349 /* Step4VideoVC.swift */,
				CEA738BE1F8F30A400C3266D /* Step4PopupVC2.swift */,
				CE8F1C491F88D6A0000BE9F5 /* Step4VideoVC2.swift */,
			);
			name = "Step 4 - Job Assign";
			sourceTree = "<group>";
		};
		CEE4D6A91F0F44AB009BAE6C /* Step 1 - Income */ = {
			isa = PBXGroup;
			children = (
				CE1CB50A1F01AD10009A8DAC /* Step1VC.swift */,
				CE36A7351F75B7EE006CAB40 /* Step1PopupVC.swift */,
				CEFC56F11F81E93D00B9049B /* Step1VideoVC.swift */,
			);
			name = "Step 1 - Income";
			sourceTree = "<group>";
		};
		CEFC21FD1F64A65800CC4FC1 /* Login */ = {
			isa = PBXGroup;
			children = (
				89FB67691D5C82F5002B2484 /* LoginVC.swift */,
				89FB676B1D5C837D002B2484 /* SignUpVC.swift */,
				CEB4CD2C1F1ED77400F9733F /* SetupNavController.swift */,
				CEEC02DA1F9310A200254769 /* LoadingVC.swift */,
			);
			name = Login;
			sourceTree = "<group>";
		};
		DB618AA61B9060DE1D20771C /* Frameworks */ = {
			isa = PBXGroup;
			children = (
				E88C847AFD8F71A7775695E6 /* Pods_Moneypants.framework */,
			);
			name = Frameworks;
			sourceTree = "<group>";
		};
/* End PBXGroup section */

/* Begin PBXNativeTarget section */
		89FB67531D5C82AB002B2484 /* Moneypants */ = {
			isa = PBXNativeTarget;
			buildConfigurationList = 89FB67661D5C82AB002B2484 /* Build configuration list for PBXNativeTarget "Moneypants" */;
			buildPhases = (
				57CB7805947E88CD6A272ACE /* [CP] Check Pods Manifest.lock */,
				89FB67501D5C82AB002B2484 /* Sources */,
				89FB67511D5C82AB002B2484 /* Frameworks */,
				89FB67521D5C82AB002B2484 /* Resources */,
				38AA2E23343D27939E56A54C /* [CP] Embed Pods Frameworks */,
				6A3E5CF6489A066165569B81 /* [CP] Copy Pods Resources */,
			);
			buildRules = (
			);
			dependencies = (
			);
			name = Moneypants;
			productName = "ToDo App";
			productReference = 89FB67541D5C82AB002B2484 /* Moneypants.app */;
			productType = "com.apple.product-type.application";
		};
/* End PBXNativeTarget section */

/* Begin PBXProject section */
		89FB674C1D5C82AB002B2484 /* Project object */ = {
			isa = PBXProject;
			attributes = {
				LastSwiftUpdateCheck = 0730;
				LastUpgradeCheck = 0800;
				ORGANIZATIONNAME = "Rumble Productions, Inc.";
				TargetAttributes = {
					89FB67531D5C82AB002B2484 = {
						CreatedOnToolsVersion = 7.3.1;
						DevelopmentTeam = ZZ3CM896KM;
						LastSwiftMigration = 0800;
					};
				};
			};
			buildConfigurationList = 89FB674F1D5C82AB002B2484 /* Build configuration list for PBXProject "Moneypants" */;
			compatibilityVersion = "Xcode 3.2";
			developmentRegion = English;
			hasScannedForEncodings = 0;
			knownRegions = (
				en,
				Base,
			);
			mainGroup = 89FB674B1D5C82AB002B2484;
			productRefGroup = 89FB67551D5C82AB002B2484 /* Products */;
			projectDirPath = "";
			projectRoot = "";
			targets = (
				89FB67531D5C82AB002B2484 /* Moneypants */,
			);
		};
/* End PBXProject section */

/* Begin PBXResourcesBuildPhase section */
		89FB67521D5C82AB002B2484 /* Resources */ = {
			isa = PBXResourcesBuildPhase;
			buildActionMask = 2147483647;
			files = (
				89FB67621D5C82AB002B2484 /* LaunchScreen.storyboard in Resources */,
				CE1CB52A1F0214BB009A8DAC /* Savannah.jpg in Resources */,
				CE1CB5141F01AD9E009A8DAC /* Arista2.0 light.ttf in Resources */,
				CE4832B61F27E27B005A7A55 /* User.storyboard in Resources */,
				CE1CB5271F0214BB009A8DAC /* Aiden.jpg in Resources */,
				CE1CB52B1F0214BB009A8DAC /* Sophie.jpg in Resources */,
				CE1CB5281F0214BB009A8DAC /* Dad.jpg in Resources */,
				CEB2FD541EFF4DB300763862 /* GoogleService-Info.plist in Resources */,
				CE1CB5291F0214BB009A8DAC /* Mom.jpg in Resources */,
				CE1CB5161F01AD9E009A8DAC /* Arista2.0_fat.ttf in Resources */,
				CEAF4B3C1FBBF1FE008E623C /* 008732264-coin-gold.wav in Resources */,
				CE1CB5151F01AD9E009A8DAC /* Arista2.0.ttf in Resources */,
				CE1CB5131F01AD9E009A8DAC /* Arista2.0 Alternate light.ttf in Resources */,
				89FB675F1D5C82AB002B2484 /* Assets.xcassets in Resources */,
				CE1CB5181F01AD9E009A8DAC /* Arista2.0Alternate_full.ttf in Resources */,
				89FB675D1D5C82AB002B2484 /* Setup.storyboard in Resources */,
				CE1CB5171F01AD9E009A8DAC /* Arista2.0Alternate.ttf in Resources */,
				CEAF4B3E1FBBF490008E623C /* SOUND EFFECT TADA.wav in Resources */,
				CE0E19731F168B3900DEDBDE /* Home.storyboard in Resources */,
			);
			runOnlyForDeploymentPostprocessing = 0;
		};
/* End PBXResourcesBuildPhase section */

/* Begin PBXShellScriptBuildPhase section */
		38AA2E23343D27939E56A54C /* [CP] Embed Pods Frameworks */ = {
			isa = PBXShellScriptBuildPhase;
			buildActionMask = 2147483647;
			files = (
			);
			inputPaths = (
			);
			name = "[CP] Embed Pods Frameworks";
			outputPaths = (
			);
			runOnlyForDeploymentPostprocessing = 0;
			shellPath = /bin/sh;
			shellScript = "\"${SRCROOT}/Pods/Target Support Files/Pods-Moneypants/Pods-Moneypants-frameworks.sh\"\n";
			showEnvVarsInLog = 0;
		};
		57CB7805947E88CD6A272ACE /* [CP] Check Pods Manifest.lock */ = {
			isa = PBXShellScriptBuildPhase;
			buildActionMask = 2147483647;
			files = (
			);
			inputPaths = (
			);
			name = "[CP] Check Pods Manifest.lock";
			outputPaths = (
			);
			runOnlyForDeploymentPostprocessing = 0;
			shellPath = /bin/sh;
			shellScript = "diff \"${PODS_PODFILE_DIR_PATH}/Podfile.lock\" \"${PODS_ROOT}/Manifest.lock\" > /dev/null\nif [ $? != 0 ] ; then\n    # print error to STDERR\n    echo \"error: The sandbox is not in sync with the Podfile.lock. Run 'pod install' or update your CocoaPods installation.\" >&2\n    exit 1\nfi\n";
			showEnvVarsInLog = 0;
		};
		6A3E5CF6489A066165569B81 /* [CP] Copy Pods Resources */ = {
			isa = PBXShellScriptBuildPhase;
			buildActionMask = 2147483647;
			files = (
			);
			inputPaths = (
			);
			name = "[CP] Copy Pods Resources";
			outputPaths = (
			);
			runOnlyForDeploymentPostprocessing = 0;
			shellPath = /bin/sh;
			shellScript = "\"${SRCROOT}/Pods/Target Support Files/Pods-Moneypants/Pods-Moneypants-resources.sh\"\n";
			showEnvVarsInLog = 0;
		};
/* End PBXShellScriptBuildPhase section */

/* Begin PBXSourcesBuildPhase section */
		89FB67501D5C82AB002B2484 /* Sources */ = {
			isa = PBXSourcesBuildPhase;
			buildActionMask = 2147483647;
			files = (
				CEAF71A41FA271DB0097EACF /* Budget.swift in Sources */,
				CE4832BF1F2800A5005A7A55 /* SettingsNavController.swift in Sources */,
				CE7160F91F04A2A10045AA05 /* Step7HabitsVC.swift in Sources */,
				CEA133D61F95C74700B3625E /* Step7EditHabitsVC.swift in Sources */,
				CEB55ED11FB10A420097F86A /* Points.swift in Sources */,
				CE4832CB1F286843005A7A55 /* ReportsNavController.swift in Sources */,
				CEB524151F5A13DC00CD8491 /* ReportsBudgetVC.swift in Sources */,
				CEF3EBBB1F302CF0008953A8 /* MoneyCell2.swift in Sources */,
				CEA133D31F95684400B3625E /* Step7HabitsVideoVC.swift in Sources */,
				CE8FF9FE1F0F7D88004A53BE /* Step10ExpensesCell.swift in Sources */,
				CE4832BD1F28005A005A7A55 /* VideosNavController.swift in Sources */,
				CEA738BF1F8F30A400C3266D /* Step4PopupVC2.swift in Sources */,
				CE55796D1F06134F006FE40B /* Step6JobSummaryVC.swift in Sources */,
				CEA738C11F8F30BC00C3266D /* Step5VideoVC.swift in Sources */,
				CE464E801FAC4C1C00941021 /* Step10ExpenseVideoVC.swift in Sources */,
				CE532D191FBAD3C900381807 /* UserVCExtWeeklyJobs.swift in Sources */,
				CEF1A4931F022F3F00C010F9 /* Step3VC.swift in Sources */,
				89FB676C1D5C837D002B2484 /* SignUpVC.swift in Sources */,
				CE7160FB1F04A9270045AA05 /* Step7HabitCell.swift in Sources */,
				CE4832BB1F27FCA0005A7A55 /* PaydayNavController.swift in Sources */,
				CE6F69441F868B9E00FE9349 /* Step3VideoVC.swift in Sources */,
				CEB524191F5A6F1F00CD8491 /* ReportsBudgetCell2.swift in Sources */,
				CE9443BA1F29839F00ACC7D4 /* MoneyNavController.swift in Sources */,
				CE7FF9911F3448C9000AD071 /* UserSettingsVC.swift in Sources */,
				CE9443B81F29804200ACC7D4 /* SpendingNavController.swift in Sources */,
				CED7D5991F997BF800351347 /* OutsideIncome.swift in Sources */,
				CEAD053E1F2209A60097CD33 /* UserCell.swift in Sources */,
				CEA2BC491F71C3900020D958 /* JobsAndHabits.swift in Sources */,
				CEFC56F21F81E93D00B9049B /* Step1VideoVC.swift in Sources */,
				CEB4CD2A1F1ECD9100F9733F /* UserVC.swift in Sources */,
				CE1CB52D1F0215EA009A8DAC /* Step2Cell.swift in Sources */,
				CE7FF98D1F340E6A000AD071 /* WithdrawalVC.swift in Sources */,
				CE951E4B1F4B7C57003B5EEF /* PaydayDetailCellC1.swift in Sources */,
				CE9443BC1F29842000ACC7D4 /* ReportsPointsVC.swift in Sources */,
				CE6996641F70C05900E8668C /* Step3AddJobVC.swift in Sources */,
				CEFC22001F64A82900CC4FC1 /* MPUser.swift in Sources */,
				CEB32C691F2C09DC0069D8B0 /* ReportsCBVC.swift in Sources */,
				CE1B47811F1885B0007C7515 /* SettingsVC.swift in Sources */,
				89FB676A1D5C82F5002B2484 /* LoginVC.swift in Sources */,
				CE1CB51A1F01AF48009A8DAC /* Step2UsersVC.swift in Sources */,
				CEF3EBBD1F305A45008953A8 /* MoneyCell3.swift in Sources */,
				CEB32C6B1F2C49D10069D8B0 /* ReportsCBCell.swift in Sources */,
				CEB4CD2D1F1ED77400F9733F /* SetupNavController.swift in Sources */,
				CEB7D1681F5A86D3006D9763 /* ReportsBudgetCell1.swift in Sources */,
				CEA133D11F9566EE00B3625E /* Step7HabitsPopupVC.swift in Sources */,
				CE5AD7F81FA19FEE00234469 /* Step10ExpenseDetailVC.swift in Sources */,
				CE951E411F4B5D54003B5EEF /* PaydayDetailVC.swift in Sources */,
				CEF1A4951F02472700C010F9 /* Step3CustomCell.swift in Sources */,
				CE951E491F4B7C4C003B5EEF /* PaydayDetailCellB2.swift in Sources */,
				CE951E471F4B7C3C003B5EEF /* PaydayDetailCellB1.swift in Sources */,
				CEA300251FB28E7700BEE503 /* Income.swift in Sources */,
				CE1B477D1F185025007C7515 /* HomeVC.swift in Sources */,
				CEEBB3401F202D900046E3FE /* SetupCompleteVC.swift in Sources */,
				CE1CB5201F02117F009A8DAC /* Step2VC.swift in Sources */,
				CEAAF9DC1F356F2400846DD5 /* PaydayVC.swift in Sources */,
				CE2CCC001F27136C00ACA17F /* VideoPlaybackVC.swift in Sources */,
				CE951E4D1F4B7C63003B5EEF /* PaydayDetailCellC2.swift in Sources */,
				CE7FF98F1F34124F000AD071 /* FeeVC.swift in Sources */,
				CE532D171FBAD04300381807 /* UserVCExtAlertsEtc.swift in Sources */,
				CE1B477F1F186E99007C7515 /* HomeCustomCell.swift in Sources */,
				CEAAF9DA1F356D3800846DD5 /* PaydayCell.swift in Sources */,
				CE99F07E1F0AB53D007E01E7 /* Step9IncomeSummaryVC.swift in Sources */,
				CE55796F1F0633B3006FE40B /* Step6JobSummaryCell.swift in Sources */,
				CEE2631C1F2D25BA007AB77E /* MoneyCell1.swift in Sources */,
				CE9443BE1F29847F00ACC7D4 /* MoneyVC.swift in Sources */,
				CED509E41F0310740058728F /* Step4CustomCell.swift in Sources */,
				CE9443B61F297F5C00ACC7D4 /* UserSettingsNavController.swift in Sources */,
				CE8F1C4A1F88D6A0000BE9F5 /* Step4VideoVC2.swift in Sources */,
				CE4832B91F27FB11005A7A55 /* HomeNavController.swift in Sources */,
				CEC5BD541F77310500B66CEC /* Step3PopupVC.swift in Sources */,
				CE39F51F1F7D83730053E45D /* Step4PopupVC.swift in Sources */,
				CE4627BD1FBD1845009A6749 /* UserProgressPopupVC.swift in Sources */,
				CE4832C11F280216005A7A55 /* UserNavController.swift in Sources */,
				CE5221101F91136C008CE5BD /* FamilyData.swift in Sources */,
				CEAAF9DE1F35A41C00846DD5 /* SpendingVC.swift in Sources */,
				CE464E7E1FAC479800941021 /* Step10ExpensePopupVC.swift in Sources */,
				CE99F0A81F0B6B5D007E01E7 /* Step10ExpensesVC.swift in Sources */,
				CE24A4381F07121D00A03FA2 /* Step8OutsideIncomeVC.swift in Sources */,
				CE2CCBDB1F26DE1C00ACA17F /* VideosCell.swift in Sources */,
				CE1CB50B1F01AD10009A8DAC /* Step1VC.swift in Sources */,
				CEE4CDD91F8DA066006847E8 /* Step5PaydayInspectVC.swift in Sources */,
				CE532D1B1FBAD69A00381807 /* UserVCExtDailyHabits.swift in Sources */,
				CE951E431F4B622D003B5EEF /* PaydayDetailCellA1.swift in Sources */,
				89FB67581D5C82AB002B2484 /* AppDelegate.swift in Sources */,
				CE36A7361F75B7EE006CAB40 /* Step1PopupVC.swift in Sources */,
				CE18C4D21F64E14F00C748BC /* MaxLengthTextField.swift in Sources */,
				CE4832C31F281154005A7A55 /* JobJarNavController.swift in Sources */,
				CE4832C51F28116B005A7A55 /* JobJarVC.swift in Sources */,
				CE532D1D1FBAD7F100381807 /* UserVCExtDailyJobs.swift in Sources */,
				CE4832C91F28611B005A7A55 /* ReportsVC.swift in Sources */,
				CE3CA84F1F32B97C0069129B /* ReportsSpendingVC.swift in Sources */,
				CED509E21F030F560058728F /* Step4VC.swift in Sources */,
				CEF3EBBF1F305FE4008953A8 /* MoneyCell4.swift in Sources */,
				CEEC02DB1F9310A200254769 /* LoadingVC.swift in Sources */,
				CEEA5D281F89D5D300C4D275 /* Step4AgeAppropVC.swift in Sources */,
				CE79B8941F233F290032DD70 /* VideosVC.swift in Sources */,
				CE8F1C481F88D684000BE9F5 /* Step5PopupVC.swift in Sources */,
				CE5221121F916CFA008CE5BD /* Step6JobSummaryCellB.swift in Sources */,
				CEDBFE2E1F2AE4C800829DE4 /* ReportsPointsCell.swift in Sources */,
				CE8FFA021F10AE92004A53BE /* GlobalVariables.swift in Sources */,
				CE6F69461F868CCC00FE9349 /* Step4VideoVC.swift in Sources */,
				CE951E451F4B6243003B5EEF /* PaydayDetailCellA2.swift in Sources */,
			);
			runOnlyForDeploymentPostprocessing = 0;
		};
/* End PBXSourcesBuildPhase section */

/* Begin PBXVariantGroup section */
		89FB675B1D5C82AB002B2484 /* Setup.storyboard */ = {
			isa = PBXVariantGroup;
			children = (
				89FB675C1D5C82AB002B2484 /* Base */,
			);
			name = Setup.storyboard;
			sourceTree = "<group>";
		};
		89FB67601D5C82AB002B2484 /* LaunchScreen.storyboard */ = {
			isa = PBXVariantGroup;
			children = (
				89FB67611D5C82AB002B2484 /* Base */,
			);
			name = LaunchScreen.storyboard;
			sourceTree = "<group>";
		};
		CE0E19711F168B3900DEDBDE /* Home.storyboard */ = {
			isa = PBXVariantGroup;
			children = (
				CE0E19721F168B3900DEDBDE /* Base */,
			);
			name = Home.storyboard;
			sourceTree = "<group>";
		};
		CE4832B41F27E27B005A7A55 /* User.storyboard */ = {
			isa = PBXVariantGroup;
			children = (
				CE4832B51F27E27B005A7A55 /* Base */,
			);
			name = User.storyboard;
			sourceTree = "<group>";
		};
/* End PBXVariantGroup section */

/* Begin XCBuildConfiguration section */
		89FB67641D5C82AB002B2484 /* Debug */ = {
			isa = XCBuildConfiguration;
			buildSettings = {
				ALWAYS_SEARCH_USER_PATHS = NO;
				CLANG_ANALYZER_NONNULL = YES;
				CLANG_CXX_LANGUAGE_STANDARD = "gnu++0x";
				CLANG_CXX_LIBRARY = "libc++";
				CLANG_ENABLE_MODULES = YES;
				CLANG_ENABLE_OBJC_ARC = YES;
				CLANG_WARN_BOOL_CONVERSION = YES;
				CLANG_WARN_CONSTANT_CONVERSION = YES;
				CLANG_WARN_DIRECT_OBJC_ISA_USAGE = YES_ERROR;
				CLANG_WARN_EMPTY_BODY = YES;
				CLANG_WARN_ENUM_CONVERSION = YES;
				CLANG_WARN_INFINITE_RECURSION = YES;
				CLANG_WARN_INT_CONVERSION = YES;
				CLANG_WARN_OBJC_ROOT_CLASS = YES_ERROR;
				CLANG_WARN_SUSPICIOUS_MOVE = YES;
				CLANG_WARN_UNREACHABLE_CODE = YES;
				CLANG_WARN__DUPLICATE_METHOD_MATCH = YES;
				"CODE_SIGN_IDENTITY[sdk=iphoneos*]" = "iPhone Developer";
				COPY_PHASE_STRIP = NO;
				DEBUG_INFORMATION_FORMAT = dwarf;
				ENABLE_STRICT_OBJC_MSGSEND = YES;
				ENABLE_TESTABILITY = YES;
				GCC_C_LANGUAGE_STANDARD = gnu99;
				GCC_DYNAMIC_NO_PIC = NO;
				GCC_NO_COMMON_BLOCKS = YES;
				GCC_OPTIMIZATION_LEVEL = 0;
				GCC_PREPROCESSOR_DEFINITIONS = (
					"DEBUG=1",
					"$(inherited)",
				);
				GCC_WARN_64_TO_32_BIT_CONVERSION = YES;
				GCC_WARN_ABOUT_RETURN_TYPE = YES_ERROR;
				GCC_WARN_UNDECLARED_SELECTOR = YES;
				GCC_WARN_UNINITIALIZED_AUTOS = YES_AGGRESSIVE;
				GCC_WARN_UNUSED_FUNCTION = YES;
				GCC_WARN_UNUSED_VARIABLE = YES;
				IPHONEOS_DEPLOYMENT_TARGET = 9.3;
				MTL_ENABLE_DEBUG_INFO = YES;
				ONLY_ACTIVE_ARCH = YES;
				SDKROOT = iphoneos;
				SWIFT_OPTIMIZATION_LEVEL = "-Onone";
				TARGETED_DEVICE_FAMILY = "1,2";
			};
			name = Debug;
		};
		89FB67651D5C82AB002B2484 /* Release */ = {
			isa = XCBuildConfiguration;
			buildSettings = {
				ALWAYS_SEARCH_USER_PATHS = NO;
				CLANG_ANALYZER_NONNULL = YES;
				CLANG_CXX_LANGUAGE_STANDARD = "gnu++0x";
				CLANG_CXX_LIBRARY = "libc++";
				CLANG_ENABLE_MODULES = YES;
				CLANG_ENABLE_OBJC_ARC = YES;
				CLANG_WARN_BOOL_CONVERSION = YES;
				CLANG_WARN_CONSTANT_CONVERSION = YES;
				CLANG_WARN_DIRECT_OBJC_ISA_USAGE = YES_ERROR;
				CLANG_WARN_EMPTY_BODY = YES;
				CLANG_WARN_ENUM_CONVERSION = YES;
				CLANG_WARN_INFINITE_RECURSION = YES;
				CLANG_WARN_INT_CONVERSION = YES;
				CLANG_WARN_OBJC_ROOT_CLASS = YES_ERROR;
				CLANG_WARN_SUSPICIOUS_MOVE = YES;
				CLANG_WARN_UNREACHABLE_CODE = YES;
				CLANG_WARN__DUPLICATE_METHOD_MATCH = YES;
				"CODE_SIGN_IDENTITY[sdk=iphoneos*]" = "iPhone Developer";
				COPY_PHASE_STRIP = NO;
				DEBUG_INFORMATION_FORMAT = "dwarf-with-dsym";
				ENABLE_NS_ASSERTIONS = NO;
				ENABLE_STRICT_OBJC_MSGSEND = YES;
				GCC_C_LANGUAGE_STANDARD = gnu99;
				GCC_NO_COMMON_BLOCKS = YES;
				GCC_WARN_64_TO_32_BIT_CONVERSION = YES;
				GCC_WARN_ABOUT_RETURN_TYPE = YES_ERROR;
				GCC_WARN_UNDECLARED_SELECTOR = YES;
				GCC_WARN_UNINITIALIZED_AUTOS = YES_AGGRESSIVE;
				GCC_WARN_UNUSED_FUNCTION = YES;
				GCC_WARN_UNUSED_VARIABLE = YES;
				IPHONEOS_DEPLOYMENT_TARGET = 9.3;
				MTL_ENABLE_DEBUG_INFO = NO;
				SDKROOT = iphoneos;
				SWIFT_OPTIMIZATION_LEVEL = "-Owholemodule";
				TARGETED_DEVICE_FAMILY = "1,2";
				VALIDATE_PRODUCT = YES;
			};
			name = Release;
		};
		89FB67671D5C82AB002B2484 /* Debug */ = {
			isa = XCBuildConfiguration;
			baseConfigurationReference = E702D73712A3CC1338585505 /* Pods-Moneypants.debug.xcconfig */;
			buildSettings = {
				ASSETCATALOG_COMPILER_APPICON_NAME = AppIcon;
				DEVELOPMENT_TEAM = ZZ3CM896KM;
				INFOPLIST_FILE = Moneypants/Info.plist;
				IPHONEOS_DEPLOYMENT_TARGET = 10.0;
				LD_RUNPATH_SEARCH_PATHS = "$(inherited) @executable_path/Frameworks";
				PRODUCT_BUNDLE_IDENTIFIER = com.moneypantssolution.moneypants;
				PRODUCT_NAME = "$(TARGET_NAME)";
				SWIFT_VERSION = 3.0;
				TARGETED_DEVICE_FAMILY = "1,2";
			};
			name = Debug;
		};
		89FB67681D5C82AB002B2484 /* Release */ = {
			isa = XCBuildConfiguration;
			baseConfigurationReference = 879D7E2EBF3C7C657C444D25 /* Pods-Moneypants.release.xcconfig */;
			buildSettings = {
				ASSETCATALOG_COMPILER_APPICON_NAME = AppIcon;
				DEVELOPMENT_TEAM = ZZ3CM896KM;
				INFOPLIST_FILE = Moneypants/Info.plist;
				IPHONEOS_DEPLOYMENT_TARGET = 10.0;
				LD_RUNPATH_SEARCH_PATHS = "$(inherited) @executable_path/Frameworks";
				PRODUCT_BUNDLE_IDENTIFIER = com.moneypantssolution.moneypants;
				PRODUCT_NAME = "$(TARGET_NAME)";
				SWIFT_VERSION = 3.0;
				TARGETED_DEVICE_FAMILY = "1,2";
			};
			name = Release;
		};
/* End XCBuildConfiguration section */

/* Begin XCConfigurationList section */
		89FB674F1D5C82AB002B2484 /* Build configuration list for PBXProject "Moneypants" */ = {
			isa = XCConfigurationList;
			buildConfigurations = (
				89FB67641D5C82AB002B2484 /* Debug */,
				89FB67651D5C82AB002B2484 /* Release */,
			);
			defaultConfigurationIsVisible = 0;
			defaultConfigurationName = Release;
		};
		89FB67661D5C82AB002B2484 /* Build configuration list for PBXNativeTarget "Moneypants" */ = {
			isa = XCConfigurationList;
			buildConfigurations = (
				89FB67671D5C82AB002B2484 /* Debug */,
				89FB67681D5C82AB002B2484 /* Release */,
			);
			defaultConfigurationIsVisible = 0;
			defaultConfigurationName = Release;
		};
/* End XCConfigurationList section */
	};
	rootObject = 89FB674C1D5C82AB002B2484 /* Project object */;
}
